// !$*UTF8*$!
{
	archiveVersion = 1;
	classes = {
	};
	objectVersion = 50;
	objects = {

/* Begin PBXBuildFile section */
		5333BF9022B45B64006470FB /* AppDelegate.swift in Sources */ = {isa = PBXBuildFile; fileRef = 5333BF8F22B45B64006470FB /* AppDelegate.swift */; };
		5333BF9222B45B64006470FB /* ViewController.swift in Sources */ = {isa = PBXBuildFile; fileRef = 5333BF9122B45B64006470FB /* ViewController.swift */; };
		5333BF9522B45B64006470FB /* Main.storyboard in Resources */ = {isa = PBXBuildFile; fileRef = 5333BF9322B45B64006470FB /* Main.storyboard */; };
		5333BF9722B45B66006470FB /* Assets.xcassets in Resources */ = {isa = PBXBuildFile; fileRef = 5333BF9622B45B66006470FB /* Assets.xcassets */; };
		5333BF9A22B45B66006470FB /* LaunchScreen.storyboard in Resources */ = {isa = PBXBuildFile; fileRef = 5333BF9822B45B66006470FB /* LaunchScreen.storyboard */; };
		5333BFA522B45B67006470FB /* TileGridTests.swift in Sources */ = {isa = PBXBuildFile; fileRef = 5333BFA422B45B67006470FB /* TileGridTests.swift */; };
		5333BFB022B45B67006470FB /* TileGridUITests.swift in Sources */ = {isa = PBXBuildFile; fileRef = 5333BFAF22B45B67006470FB /* TileGridUITests.swift */; };
/* End PBXBuildFile section */

/* Begin PBXContainerItemProxy section */
		5333BFA122B45B67006470FB /* PBXContainerItemProxy */ = {
			isa = PBXContainerItemProxy;
			containerPortal = 5333BF8422B45B64006470FB /* Project object */;
			proxyType = 1;
			remoteGlobalIDString = 5333BF8B22B45B64006470FB;
			remoteInfo = TileGrid;
		};
		5333BFAC22B45B67006470FB /* PBXContainerItemProxy */ = {
			isa = PBXContainerItemProxy;
			containerPortal = 5333BF8422B45B64006470FB /* Project object */;
			proxyType = 1;
			remoteGlobalIDString = 5333BF8B22B45B64006470FB;
			remoteInfo = TileGrid;
		};
/* End PBXContainerItemProxy section */

/* Begin PBXFileReference section */
		5333BF8C22B45B64006470FB /* TileGrid.app */ = {isa = PBXFileReference; explicitFileType = wrapper.application; includeInIndex = 0; path = TileGrid.app; sourceTree = BUILT_PRODUCTS_DIR; };
		5333BF8F22B45B64006470FB /* AppDelegate.swift */ = {isa = PBXFileReference; lastKnownFileType = sourcecode.swift; path = AppDelegate.swift; sourceTree = "<group>"; };
		5333BF9122B45B64006470FB /* ViewController.swift */ = {isa = PBXFileReference; lastKnownFileType = sourcecode.swift; path = ViewController.swift; sourceTree = "<group>"; };
		5333BF9422B45B64006470FB /* Base */ = {isa = PBXFileReference; lastKnownFileType = file.storyboard; name = Base; path = Base.lproj/Main.storyboard; sourceTree = "<group>"; };
		5333BF9622B45B66006470FB /* Assets.xcassets */ = {isa = PBXFileReference; lastKnownFileType = folder.assetcatalog; path = Assets.xcassets; sourceTree = "<group>"; };
		5333BF9922B45B66006470FB /* Base */ = {isa = PBXFileReference; lastKnownFileType = file.storyboard; name = Base; path = Base.lproj/LaunchScreen.storyboard; sourceTree = "<group>"; };
		5333BF9B22B45B66006470FB /* Info.plist */ = {isa = PBXFileReference; lastKnownFileType = text.plist.xml; path = Info.plist; sourceTree = "<group>"; };
		5333BFA022B45B67006470FB /* TileGridTests.xctest */ = {isa = PBXFileReference; explicitFileType = wrapper.cfbundle; includeInIndex = 0; path = TileGridTests.xctest; sourceTree = BUILT_PRODUCTS_DIR; };
		5333BFA422B45B67006470FB /* TileGridTests.swift */ = {isa = PBXFileReference; lastKnownFileType = sourcecode.swift; path = TileGridTests.swift; sourceTree = "<group>"; };
		5333BFA622B45B67006470FB /* Info.plist */ = {isa = PBXFileReference; lastKnownFileType = text.plist.xml; path = Info.plist; sourceTree = "<group>"; };
		5333BFAB22B45B67006470FB /* TileGridUITests.xctest */ = {isa = PBXFileReference; explicitFileType = wrapper.cfbundle; includeInIndex = 0; path = TileGridUITests.xctest; sourceTree = BUILT_PRODUCTS_DIR; };
		5333BFAF22B45B67006470FB /* TileGridUITests.swift */ = {isa = PBXFileReference; lastKnownFileType = sourcecode.swift; path = TileGridUITests.swift; sourceTree = "<group>"; };
		5333BFB122B45B67006470FB /* Info.plist */ = {isa = PBXFileReference; lastKnownFileType = text.plist.xml; path = Info.plist; sourceTree = "<group>"; };
/* End PBXFileReference section */

/* Begin PBXFrameworksBuildPhase section */
		5333BF8922B45B64006470FB /* Frameworks */ = {
			isa = PBXFrameworksBuildPhase;
			buildActionMask = 2147483647;
			files = (
			);
			runOnlyForDeploymentPostprocessing = 0;
		};
		5333BF9D22B45B67006470FB /* Frameworks */ = {
			isa = PBXFrameworksBuildPhase;
			buildActionMask = 2147483647;
			files = (
			);
			runOnlyForDeploymentPostprocessing = 0;
		};
		5333BFA822B45B67006470FB /* Frameworks */ = {
			isa = PBXFrameworksBuildPhase;
			buildActionMask = 2147483647;
			files = (
			);
			runOnlyForDeploymentPostprocessing = 0;
		};
/* End PBXFrameworksBuildPhase section */

/* Begin PBXGroup section */
		5333BF8322B45B64006470FB = {
			isa = PBXGroup;
			children = (
				5333BF8E22B45B64006470FB /* TileGrid */,
				5333BFA322B45B67006470FB /* TileGridTests */,
				5333BFAE22B45B67006470FB /* TileGridUITests */,
				5333BF8D22B45B64006470FB /* Products */,
			);
			sourceTree = "<group>";
		};
		5333BF8D22B45B64006470FB /* Products */ = {
			isa = PBXGroup;
			children = (
				5333BF8C22B45B64006470FB /* TileGrid.app */,
				5333BFA022B45B67006470FB /* TileGridTests.xctest */,
				5333BFAB22B45B67006470FB /* TileGridUITests.xctest */,
			);
			name = Products;
			sourceTree = "<group>";
		};
		5333BF8E22B45B64006470FB /* TileGrid */ = {
			isa = PBXGroup;
			children = (
				5333BF8F22B45B64006470FB /* AppDelegate.swift */,
				5333BF9122B45B64006470FB /* ViewController.swift */,
				5333BF9322B45B64006470FB /* Main.storyboard */,
				5333BF9622B45B66006470FB /* Assets.xcassets */,
				5333BF9822B45B66006470FB /* LaunchScreen.storyboard */,
				5333BF9B22B45B66006470FB /* Info.plist */,
			);
			path = TileGrid;
			sourceTree = "<group>";
		};
		5333BFA322B45B67006470FB /* TileGridTests */ = {
			isa = PBXGroup;
			children = (
				5333BFA422B45B67006470FB /* TileGridTests.swift */,
				5333BFA622B45B67006470FB /* Info.plist */,
			);
			path = TileGridTests;
			sourceTree = "<group>";
		};
		5333BFAE22B45B67006470FB /* TileGridUITests */ = {
			isa = PBXGroup;
			children = (
				5333BFAF22B45B67006470FB /* TileGridUITests.swift */,
				5333BFB122B45B67006470FB /* Info.plist */,
			);
			path = TileGridUITests;
			sourceTree = "<group>";
		};
/* End PBXGroup section */

/* Begin PBXNativeTarget section */
		5333BF8B22B45B64006470FB /* TileGrid */ = {
			isa = PBXNativeTarget;
			buildConfigurationList = 5333BFB422B45B67006470FB /* Build configuration list for PBXNativeTarget "TileGrid" */;
			buildPhases = (
				5333BF8822B45B64006470FB /* Sources */,
				5333BF8922B45B64006470FB /* Frameworks */,
				5333BF8A22B45B64006470FB /* Resources */,
			);
			buildRules = (
			);
			dependencies = (
			);
			name = TileGrid;
			productName = TileGrid;
			productReference = 5333BF8C22B45B64006470FB /* TileGrid.app */;
			productType = "com.apple.product-type.application";
		};
		5333BF9F22B45B67006470FB /* TileGridTests */ = {
			isa = PBXNativeTarget;
			buildConfigurationList = 5333BFB722B45B67006470FB /* Build configuration list for PBXNativeTarget "TileGridTests" */;
			buildPhases = (
				5333BF9C22B45B67006470FB /* Sources */,
				5333BF9D22B45B67006470FB /* Frameworks */,
				5333BF9E22B45B67006470FB /* Resources */,
			);
			buildRules = (
			);
			dependencies = (
				5333BFA222B45B67006470FB /* PBXTargetDependency */,
			);
			name = TileGridTests;
			productName = TileGridTests;
			productReference = 5333BFA022B45B67006470FB /* TileGridTests.xctest */;
			productType = "com.apple.product-type.bundle.unit-test";
		};
		5333BFAA22B45B67006470FB /* TileGridUITests */ = {
			isa = PBXNativeTarget;
			buildConfigurationList = 5333BFBA22B45B67006470FB /* Build configuration list for PBXNativeTarget "TileGridUITests" */;
			buildPhases = (
				5333BFA722B45B67006470FB /* Sources */,
				5333BFA822B45B67006470FB /* Frameworks */,
				5333BFA922B45B67006470FB /* Resources */,
			);
			buildRules = (
			);
			dependencies = (
				5333BFAD22B45B67006470FB /* PBXTargetDependency */,
			);
			name = TileGridUITests;
			productName = TileGridUITests;
			productReference = 5333BFAB22B45B67006470FB /* TileGridUITests.xctest */;
			productType = "com.apple.product-type.bundle.ui-testing";
		};
/* End PBXNativeTarget section */

/* Begin PBXProject section */
		5333BF8422B45B64006470FB /* Project object */ = {
			isa = PBXProject;
			attributes = {
				LastSwiftUpdateCheck = 1020;
				LastUpgradeCheck = 1020;
				ORGANIZATIONNAME = "Ernest DeFoy";
				TargetAttributes = {
					5333BF8B22B45B64006470FB = {
						CreatedOnToolsVersion = 10.2.1;
					};
					5333BF9F22B45B67006470FB = {
						CreatedOnToolsVersion = 10.2.1;
						TestTargetID = 5333BF8B22B45B64006470FB;
					};
					5333BFAA22B45B67006470FB = {
						CreatedOnToolsVersion = 10.2.1;
						TestTargetID = 5333BF8B22B45B64006470FB;
					};
				};
			};
			buildConfigurationList = 5333BF8722B45B64006470FB /* Build configuration list for PBXProject "TileGrid" */;
			compatibilityVersion = "Xcode 9.3";
			developmentRegion = en;
			hasScannedForEncodings = 0;
			knownRegions = (
				en,
				Base,
			);
			mainGroup = 5333BF8322B45B64006470FB;
			productRefGroup = 5333BF8D22B45B64006470FB /* Products */;
			projectDirPath = "";
			projectRoot = "";
			targets = (
				5333BF8B22B45B64006470FB /* TileGrid */,
				5333BF9F22B45B67006470FB /* TileGridTests */,
				5333BFAA22B45B67006470FB /* TileGridUITests */,
			);
		};
/* End PBXProject section */

/* Begin PBXResourcesBuildPhase section */
		5333BF8A22B45B64006470FB /* Resources */ = {
			isa = PBXResourcesBuildPhase;
			buildActionMask = 2147483647;
			files = (
				5333BF9A22B45B66006470FB /* LaunchScreen.storyboard in Resources */,
				5333BF9722B45B66006470FB /* Assets.xcassets in Resources */,
				5333BF9522B45B64006470FB /* Main.storyboard in Resources */,
			);
			runOnlyForDeploymentPostprocessing = 0;
		};
		5333BF9E22B45B67006470FB /* Resources */ = {
			isa = PBXResourcesBuildPhase;
			buildActionMask = 2147483647;
			files = (
			);
			runOnlyForDeploymentPostprocessing = 0;
		};
		5333BFA922B45B67006470FB /* Resources */ = {
			isa = PBXResourcesBuildPhase;
			buildActionMask = 2147483647;
			files = (
			);
			runOnlyForDeploymentPostprocessing = 0;
		};
/* End PBXResourcesBuildPhase section */

/* Begin PBXSourcesBuildPhase section */
		5333BF8822B45B64006470FB /* Sources */ = {
			isa = PBXSourcesBuildPhase;
			buildActionMask = 2147483647;
			files = (
				5333BF9222B45B64006470FB /* ViewController.swift in Sources */,
				5333BF9022B45B64006470FB /* AppDelegate.swift in Sources */,
			);
			runOnlyForDeploymentPostprocessing = 0;
		};
		5333BF9C22B45B67006470FB /* Sources */ = {
			isa = PBXSourcesBuildPhase;
			buildActionMask = 2147483647;
			files = (
				5333BFA522B45B67006470FB /* TileGridTests.swift in Sources */,
			);
			runOnlyForDeploymentPostprocessing = 0;
		};
		5333BFA722B45B67006470FB /* Sources */ = {
			isa = PBXSourcesBuildPhase;
			buildActionMask = 2147483647;
			files = (
				5333BFB022B45B67006470FB /* TileGridUITests.swift in Sources */,
			);
			runOnlyForDeploymentPostprocessing = 0;
		};
/* End PBXSourcesBuildPhase section */

/* Begin PBXTargetDependency section */
		5333BFA222B45B67006470FB /* PBXTargetDependency */ = {
			isa = PBXTargetDependency;
			target = 5333BF8B22B45B64006470FB /* TileGrid */;
			targetProxy = 5333BFA122B45B67006470FB /* PBXContainerItemProxy */;
		};
		5333BFAD22B45B67006470FB /* PBXTargetDependency */ = {
			isa = PBXTargetDependency;
			target = 5333BF8B22B45B64006470FB /* TileGrid */;
			targetProxy = 5333BFAC22B45B67006470FB /* PBXContainerItemProxy */;
		};
/* End PBXTargetDependency section */

/* Begin PBXVariantGroup section */
		5333BF9322B45B64006470FB /* Main.storyboard */ = {
			isa = PBXVariantGroup;
			children = (
				5333BF9422B45B64006470FB /* Base */,
			);
			name = Main.storyboard;
			sourceTree = "<group>";
		};
		5333BF9822B45B66006470FB /* LaunchScreen.storyboard */ = {
			isa = PBXVariantGroup;
			children = (
				5333BF9922B45B66006470FB /* Base */,
			);
			name = LaunchScreen.storyboard;
			sourceTree = "<group>";
		};
/* End PBXVariantGroup section */

/* Begin XCBuildConfiguration section */
		5333BFB222B45B67006470FB /* Debug */ = {
			isa = XCBuildConfiguration;
			buildSettings = {
				ALWAYS_SEARCH_USER_PATHS = NO;
				CLANG_ANALYZER_NONNULL = YES;
				CLANG_ANALYZER_NUMBER_OBJECT_CONVERSION = YES_AGGRESSIVE;
				CLANG_CXX_LANGUAGE_STANDARD = "gnu++14";
				CLANG_CXX_LIBRARY = "libc++";
				CLANG_ENABLE_MODULES = YES;
				CLANG_ENABLE_OBJC_ARC = YES;
				CLANG_ENABLE_OBJC_WEAK = YES;
				CLANG_WARN_BLOCK_CAPTURE_AUTORELEASING = YES;
				CLANG_WARN_BOOL_CONVERSION = YES;
				CLANG_WARN_COMMA = YES;
				CLANG_WARN_CONSTANT_CONVERSION = YES;
				CLANG_WARN_DEPRECATED_OBJC_IMPLEMENTATIONS = YES;
				CLANG_WARN_DIRECT_OBJC_ISA_USAGE = YES_ERROR;
				CLANG_WARN_DOCUMENTATION_COMMENTS = YES;
				CLANG_WARN_EMPTY_BODY = YES;
				CLANG_WARN_ENUM_CONVERSION = YES;
				CLANG_WARN_INFINITE_RECURSION = YES;
				CLANG_WARN_INT_CONVERSION = YES;
				CLANG_WARN_NON_LITERAL_NULL_CONVERSION = YES;
				CLANG_WARN_OBJC_IMPLICIT_RETAIN_SELF = YES;
				CLANG_WARN_OBJC_LITERAL_CONVERSION = YES;
				CLANG_WARN_OBJC_ROOT_CLASS = YES_ERROR;
				CLANG_WARN_RANGE_LOOP_ANALYSIS = YES;
				CLANG_WARN_STRICT_PROTOTYPES = YES;
				CLANG_WARN_SUSPICIOUS_MOVE = YES;
				CLANG_WARN_UNGUARDED_AVAILABILITY = YES_AGGRESSIVE;
				CLANG_WARN_UNREACHABLE_CODE = YES;
				CLANG_WARN__DUPLICATE_METHOD_MATCH = YES;
				CODE_SIGN_IDENTITY = "iPhone Developer";
				COPY_PHASE_STRIP = NO;
				DEBUG_INFORMATION_FORMAT = dwarf;
				ENABLE_STRICT_OBJC_MSGSEND = YES;
				ENABLE_TESTABILITY = YES;
				GCC_C_LANGUAGE_STANDARD = gnu11;
				GCC_DYNAMIC_NO_PIC = NO;
				GCC_NO_COMMON_BLOCKS = YES;
				GCC_OPTIMIZATION_LEVEL = 0;
				GCC_PREPROCESSOR_DEFINITIONS = (
					"DEBUG=1",
					"$(inherited)",
				);
				GCC_WARN_64_TO_32_BIT_CONVERSION = YES;
				GCC_WARN_ABOUT_RETURN_TYPE = YES_ERROR;
				GCC_WARN_UNDECLARED_SELECTOR = YES;
				GCC_WARN_UNINITIALIZED_AUTOS = YES_AGGRESSIVE;
				GCC_WARN_UNUSED_FUNCTION = YES;
				GCC_WARN_UNUSED_VARIABLE = YES;
				IPHONEOS_DEPLOYMENT_TARGET = 12.2;
				MTL_ENABLE_DEBUG_INFO = INCLUDE_SOURCE;
				MTL_FAST_MATH = YES;
				ONLY_ACTIVE_ARCH = YES;
				SDKROOT = iphoneos;
				SWIFT_ACTIVE_COMPILATION_CONDITIONS = DEBUG;
				SWIFT_OPTIMIZATION_LEVEL = "-Onone";
			};
			name = Debug;
		};
		5333BFB322B45B67006470FB /* Release */ = {
			isa = XCBuildConfiguration;
			buildSettings = {
				ALWAYS_SEARCH_USER_PATHS = NO;
				CLANG_ANALYZER_NONNULL = YES;
				CLANG_ANALYZER_NUMBER_OBJECT_CONVERSION = YES_AGGRESSIVE;
				CLANG_CXX_LANGUAGE_STANDARD = "gnu++14";
				CLANG_CXX_LIBRARY = "libc++";
				CLANG_ENABLE_MODULES = YES;
				CLANG_ENABLE_OBJC_ARC = YES;
				CLANG_ENABLE_OBJC_WEAK = YES;
				CLANG_WARN_BLOCK_CAPTURE_AUTORELEASING = YES;
				CLANG_WARN_BOOL_CONVERSION = YES;
				CLANG_WARN_COMMA = YES;
				CLANG_WARN_CONSTANT_CONVERSION = YES;
				CLANG_WARN_DEPRECATED_OBJC_IMPLEMENTATIONS = YES;
				CLANG_WARN_DIRECT_OBJC_ISA_USAGE = YES_ERROR;
				CLANG_WARN_DOCUMENTATION_COMMENTS = YES;
				CLANG_WARN_EMPTY_BODY = YES;
				CLANG_WARN_ENUM_CONVERSION = YES;
				CLANG_WARN_INFINITE_RECURSION = YES;
				CLANG_WARN_INT_CONVERSION = YES;
				CLANG_WARN_NON_LITERAL_NULL_CONVERSION = YES;
				CLANG_WARN_OBJC_IMPLICIT_RETAIN_SELF = YES;
				CLANG_WARN_OBJC_LITERAL_CONVERSION = YES;
				CLANG_WARN_OBJC_ROOT_CLASS = YES_ERROR;
				CLANG_WARN_RANGE_LOOP_ANALYSIS = YES;
				CLANG_WARN_STRICT_PROTOTYPES = YES;
				CLANG_WARN_SUSPICIOUS_MOVE = YES;
				CLANG_WARN_UNGUARDED_AVAILABILITY = YES_AGGRESSIVE;
				CLANG_WARN_UNREACHABLE_CODE = YES;
				CLANG_WARN__DUPLICATE_METHOD_MATCH = YES;
				CODE_SIGN_IDENTITY = "iPhone Developer";
				COPY_PHASE_STRIP = NO;
				DEBUG_INFORMATION_FORMAT = "dwarf-with-dsym";
				ENABLE_NS_ASSERTIONS = NO;
				ENABLE_STRICT_OBJC_MSGSEND = YES;
				GCC_C_LANGUAGE_STANDARD = gnu11;
				GCC_NO_COMMON_BLOCKS = YES;
				GCC_WARN_64_TO_32_BIT_CONVERSION = YES;
				GCC_WARN_ABOUT_RETURN_TYPE = YES_ERROR;
				GCC_WARN_UNDECLARED_SELECTOR = YES;
				GCC_WARN_UNINITIALIZED_AUTOS = YES_AGGRESSIVE;
				GCC_WARN_UNUSED_FUNCTION = YES;
				GCC_WARN_UNUSED_VARIABLE = YES;
				IPHONEOS_DEPLOYMENT_TARGET = 12.2;
				MTL_ENABLE_DEBUG_INFO = NO;
				MTL_FAST_MATH = YES;
				SDKROOT = iphoneos;
				SWIFT_COMPILATION_MODE = wholemodule;
				SWIFT_OPTIMIZATION_LEVEL = "-O";
				VALIDATE_PRODUCT = YES;
			};
			name = Release;
		};
		5333BFB522B45B67006470FB /* Debug */ = {
			isa = XCBuildConfiguration;
			buildSettings = {
				ASSETCATALOG_COMPILER_APPICON_NAME = AppIcon;
				CODE_SIGN_STYLE = Automatic;
				INFOPLIST_FILE = TileGrid/Info.plist;
				LD_RUNPATH_SEARCH_PATHS = (
					"$(inherited)",
					"@executable_path/Frameworks",
				);
				PRODUCT_BUNDLE_IDENTIFIER = ernie.TileGrid;
				PRODUCT_NAME = "$(TARGET_NAME)";
				SWIFT_VERSION = 5.0;
				TARGETED_DEVICE_FAMILY = "1,2";
			};
			name = Debug;
		};
		5333BFB622B45B67006470FB /* Release */ = {
			isa = XCBuildConfiguration;
			buildSettings = {
				ASSETCATALOG_COMPILER_APPICON_NAME = AppIcon;
				CODE_SIGN_STYLE = Automatic;
				INFOPLIST_FILE = TileGrid/Info.plist;
				LD_RUNPATH_SEARCH_PATHS = (
					"$(inherited)",
					"@executable_path/Frameworks",
				);
				PRODUCT_BUNDLE_IDENTIFIER = ernie.TileGrid;
				PRODUCT_NAME = "$(TARGET_NAME)";
				SWIFT_VERSION = 5.0;
				TARGETED_DEVICE_FAMILY = "1,2";
			};
			name = Release;
		};
		5333BFB822B45B67006470FB /* Debug */ = {
			isa = XCBuildConfiguration;
			buildSettings = {
				ALWAYS_EMBED_SWIFT_STANDARD_LIBRARIES = YES;
				BUNDLE_LOADER = "$(TEST_HOST)";
				CODE_SIGN_STYLE = Automatic;
				INFOPLIST_FILE = TileGridTests/Info.plist;
				LD_RUNPATH_SEARCH_PATHS = (
					"$(inherited)",
					"@executable_path/Frameworks",
					"@loader_path/Frameworks",
				);
				PRODUCT_BUNDLE_IDENTIFIER = ernie.TileGridTests;
				PRODUCT_NAME = "$(TARGET_NAME)";
				SWIFT_VERSION = 5.0;
				TARGETED_DEVICE_FAMILY = "1,2";
				TEST_HOST = "$(BUILT_PRODUCTS_DIR)/TileGrid.app/TileGrid";
			};
			name = Debug;
		};
		5333BFB922B45B67006470FB /* Release */ = {
			isa = XCBuildConfiguration;
			buildSettings = {
				ALWAYS_EMBED_SWIFT_STANDARD_LIBRARIES = YES;
				BUNDLE_LOADER = "$(TEST_HOST)";
				CODE_SIGN_STYLE = Automatic;
				INFOPLIST_FILE = TileGridTests/Info.plist;
				LD_RUNPATH_SEARCH_PATHS = (
					"$(inherited)",
					"@executable_path/Frameworks",
					"@loader_path/Frameworks",
				);
				PRODUCT_BUNDLE_IDENTIFIER = ernie.TileGridTests;
				PRODUCT_NAME = "$(TARGET_NAME)";
				SWIFT_VERSION = 5.0;
				TARGETED_DEVICE_FAMILY = "1,2";
				TEST_HOST = "$(BUILT_PRODUCTS_DIR)/TileGrid.app/TileGrid";
			};
			name = Release;
		};
		5333BFBB22B45B67006470FB /* Debug */ = {
			isa = XCBuildConfiguration;
			buildSettings = {
				ALWAYS_EMBED_SWIFT_STANDARD_LIBRARIES = YES;
				CODE_SIGN_STYLE = Automatic;
				INFOPLIST_FILE = TileGridUITests/Info.plist;
				LD_RUNPATH_SEARCH_PATHS = (
					"$(inherited)",
					"@executable_path/Frameworks",
					"@loader_path/Frameworks",
				);
				PRODUCT_BUNDLE_IDENTIFIER = ernie.TileGridUITests;
				PRODUCT_NAME = "$(TARGET_NAME)";
				SWIFT_VERSION = 5.0;
				TARGETED_DEVICE_FAMILY = "1,2";
				TEST_TARGET_NAME = TileGrid;
			};
			name = Debug;
		};
		5333BFBC22B45B67006470FB /* Release */ = {
			isa = XCBuildConfiguration;
			buildSettings = {
				ALWAYS_EMBED_SWIFT_STANDARD_LIBRARIES = YES;
				CODE_SIGN_STYLE = Automatic;
				INFOPLIST_FILE = TileGridUITests/Info.plist;
				LD_RUNPATH_SEARCH_PATHS = (
					"$(inherited)",
					"@executable_path/Frameworks",
					"@loader_path/Frameworks",
				);
				PRODUCT_BUNDLE_IDENTIFIER = ernie.TileGridUITests;
				PRODUCT_NAME = "$(TARGET_NAME)";
				SWIFT_VERSION = 5.0;
				TARGETED_DEVICE_FAMILY = "1,2";
				TEST_TARGET_NAME = TileGrid;
			};
			name = Release;
		};
/* End XCBuildConfiguration section */

/* Begin XCConfigurationList section */
		5333BF8722B45B64006470FB /* Build configuration list for PBXProject "TileGrid" */ = {
			isa = XCConfigurationList;
			buildConfigurations = (
				5333BFB222B45B67006470FB /* Debug */,
				5333BFB322B45B67006470FB /* Release */,
			);
			defaultConfigurationIsVisible = 0;
			defaultConfigurationName = Release;
		};
		5333BFB422B45B67006470FB /* Build configuration list for PBXNativeTarget "TileGrid" */ = {
			isa = XCConfigurationList;
			buildConfigurations = (
				5333BFB522B45B67006470FB /* Debug */,
				5333BFB622B45B67006470FB /* Release */,
			);
			defaultConfigurationIsVisible = 0;
			defaultConfigurationName = Release;
		};
		5333BFB722B45B67006470FB /* Build configuration list for PBXNativeTarget "TileGridTests" */ = {
			isa = XCConfigurationList;
			buildConfigurations = (
				5333BFB822B45B67006470FB /* Debug */,
				5333BFB922B45B67006470FB /* Release */,
			);
			defaultConfigurationIsVisible = 0;
			defaultConfigurationName = Release;
		};
		5333BFBA22B45B67006470FB /* Build configuration list for PBXNativeTarget "TileGridUITests" */ = {
			isa = XCConfigurationList;
			buildConfigurations = (
				5333BFBB22B45B67006470FB /* Debug */,
				5333BFBC22B45B67006470FB /* Release */,
			);
			defaultConfigurationIsVisible = 0;
			defaultConfigurationName = Release;
		};
/* End XCConfigurationList section */
	};
	rootObject = 5333BF8422B45B64006470FB /* Project object */;
}
