// !$*UTF8*$!
{
	archiveVersion = 1;
	classes = {
	};
	objectVersion = 50;
	objects = {

/* Begin PBXBuildFile section */
		53A96CA022CADB7B00B469D9 /* Protocols.swift in Sources */ = {isa = PBXBuildFile; fileRef = 53A96C9F22CADB7B00B469D9 /* Protocols.swift */; };
		53A96CA222CAE4FE00B469D9 /* TableViewModel.swift in Sources */ = {isa = PBXBuildFile; fileRef = 53A96CA122CAE4FE00B469D9 /* TableViewModel.swift */; };
		53A96CAD22CB01AD00B469D9 /* BlueSectionModel.swift in Sources */ = {isa = PBXBuildFile; fileRef = 53A96CAC22CB01AD00B469D9 /* BlueSectionModel.swift */; };
		53A96CAF22CB01C200B469D9 /* GreenSectionViewModel.swift in Sources */ = {isa = PBXBuildFile; fileRef = 53A96CAE22CB01C200B469D9 /* GreenSectionViewModel.swift */; };
		53A96CB122CB01DB00B469D9 /* RedSectionViewModel.swift in Sources */ = {isa = PBXBuildFile; fileRef = 53A96CB022CB01DB00B469D9 /* RedSectionViewModel.swift */; };
		53A96CB322CB03DF00B469D9 /* DataManager.swift in Sources */ = {isa = PBXBuildFile; fileRef = 53A96CB222CB03DF00B469D9 /* DataManager.swift */; };
		53FC31D422C8DF01008D037D /* AppDelegate.swift in Sources */ = {isa = PBXBuildFile; fileRef = 53FC31D322C8DF01008D037D /* AppDelegate.swift */; };
		53FC31D622C8DF01008D037D /* TableViewController.swift in Sources */ = {isa = PBXBuildFile; fileRef = 53FC31D522C8DF01008D037D /* TableViewController.swift */; };
		53FC31DB22C8DF02008D037D /* Assets.xcassets in Resources */ = {isa = PBXBuildFile; fileRef = 53FC31DA22C8DF02008D037D /* Assets.xcassets */; };
		53FC31E922C8DF02008D037D /* ElegantTableViewTests.swift in Sources */ = {isa = PBXBuildFile; fileRef = 53FC31E822C8DF02008D037D /* ElegantTableViewTests.swift */; };
		53FC31F422C8DF02008D037D /* ElegantTableViewUITests.swift in Sources */ = {isa = PBXBuildFile; fileRef = 53FC31F322C8DF02008D037D /* ElegantTableViewUITests.swift */; };
		53FC320422C9048B008D037D /* Cells.swift in Sources */ = {isa = PBXBuildFile; fileRef = 53FC320322C9048B008D037D /* Cells.swift */; };
/* End PBXBuildFile section */

/* Begin PBXContainerItemProxy section */
		53FC31E522C8DF02008D037D /* PBXContainerItemProxy */ = {
			isa = PBXContainerItemProxy;
			containerPortal = 53FC31C822C8DF01008D037D /* Project object */;
			proxyType = 1;
			remoteGlobalIDString = 53FC31CF22C8DF01008D037D;
			remoteInfo = ElegantTableView;
		};
		53FC31F022C8DF02008D037D /* PBXContainerItemProxy */ = {
			isa = PBXContainerItemProxy;
			containerPortal = 53FC31C822C8DF01008D037D /* Project object */;
			proxyType = 1;
			remoteGlobalIDString = 53FC31CF22C8DF01008D037D;
			remoteInfo = ElegantTableView;
		};
/* End PBXContainerItemProxy section */

/* Begin PBXFileReference section */
		53A96C9F22CADB7B00B469D9 /* Protocols.swift */ = {isa = PBXFileReference; lastKnownFileType = sourcecode.swift; path = Protocols.swift; sourceTree = "<group>"; };
		53A96CA122CAE4FE00B469D9 /* TableViewModel.swift */ = {isa = PBXFileReference; lastKnownFileType = sourcecode.swift; path = TableViewModel.swift; sourceTree = "<group>"; };
		53A96CAC22CB01AD00B469D9 /* BlueSectionModel.swift */ = {isa = PBXFileReference; lastKnownFileType = sourcecode.swift; path = BlueSectionModel.swift; sourceTree = "<group>"; };
		53A96CAE22CB01C200B469D9 /* GreenSectionViewModel.swift */ = {isa = PBXFileReference; lastKnownFileType = sourcecode.swift; path = GreenSectionViewModel.swift; sourceTree = "<group>"; };
		53A96CB022CB01DB00B469D9 /* RedSectionViewModel.swift */ = {isa = PBXFileReference; lastKnownFileType = sourcecode.swift; path = RedSectionViewModel.swift; sourceTree = "<group>"; };
		53A96CB222CB03DF00B469D9 /* DataManager.swift */ = {isa = PBXFileReference; lastKnownFileType = sourcecode.swift; path = DataManager.swift; sourceTree = "<group>"; };
		53FC31D022C8DF01008D037D /* ElegantTableView.app */ = {isa = PBXFileReference; explicitFileType = wrapper.application; includeInIndex = 0; path = ElegantTableView.app; sourceTree = BUILT_PRODUCTS_DIR; };
		53FC31D322C8DF01008D037D /* AppDelegate.swift */ = {isa = PBXFileReference; lastKnownFileType = sourcecode.swift; path = AppDelegate.swift; sourceTree = "<group>"; };
		53FC31D522C8DF01008D037D /* TableViewController.swift */ = {isa = PBXFileReference; lastKnownFileType = sourcecode.swift; path = TableViewController.swift; sourceTree = "<group>"; };
		53FC31DA22C8DF02008D037D /* Assets.xcassets */ = {isa = PBXFileReference; lastKnownFileType = folder.assetcatalog; path = Assets.xcassets; sourceTree = "<group>"; };
		53FC31DF22C8DF02008D037D /* Info.plist */ = {isa = PBXFileReference; lastKnownFileType = text.plist.xml; path = Info.plist; sourceTree = "<group>"; };
		53FC31E422C8DF02008D037D /* ElegantTableViewTests.xctest */ = {isa = PBXFileReference; explicitFileType = wrapper.cfbundle; includeInIndex = 0; path = ElegantTableViewTests.xctest; sourceTree = BUILT_PRODUCTS_DIR; };
		53FC31E822C8DF02008D037D /* ElegantTableViewTests.swift */ = {isa = PBXFileReference; lastKnownFileType = sourcecode.swift; path = ElegantTableViewTests.swift; sourceTree = "<group>"; };
		53FC31EA22C8DF02008D037D /* Info.plist */ = {isa = PBXFileReference; lastKnownFileType = text.plist.xml; path = Info.plist; sourceTree = "<group>"; };
		53FC31EF22C8DF02008D037D /* ElegantTableViewUITests.xctest */ = {isa = PBXFileReference; explicitFileType = wrapper.cfbundle; includeInIndex = 0; path = ElegantTableViewUITests.xctest; sourceTree = BUILT_PRODUCTS_DIR; };
		53FC31F322C8DF02008D037D /* ElegantTableViewUITests.swift */ = {isa = PBXFileReference; lastKnownFileType = sourcecode.swift; path = ElegantTableViewUITests.swift; sourceTree = "<group>"; };
		53FC31F522C8DF02008D037D /* Info.plist */ = {isa = PBXFileReference; lastKnownFileType = text.plist.xml; path = Info.plist; sourceTree = "<group>"; };
		53FC320322C9048B008D037D /* Cells.swift */ = {isa = PBXFileReference; lastKnownFileType = sourcecode.swift; path = Cells.swift; sourceTree = "<group>"; };
/* End PBXFileReference section */

/* Begin PBXFrameworksBuildPhase section */
		53FC31CD22C8DF01008D037D /* Frameworks */ = {
			isa = PBXFrameworksBuildPhase;
			buildActionMask = 2147483647;
			files = (
			);
			runOnlyForDeploymentPostprocessing = 0;
		};
		53FC31E122C8DF02008D037D /* Frameworks */ = {
			isa = PBXFrameworksBuildPhase;
			buildActionMask = 2147483647;
			files = (
			);
			runOnlyForDeploymentPostprocessing = 0;
		};
		53FC31EC22C8DF02008D037D /* Frameworks */ = {
			isa = PBXFrameworksBuildPhase;
			buildActionMask = 2147483647;
			files = (
			);
			runOnlyForDeploymentPostprocessing = 0;
		};
/* End PBXFrameworksBuildPhase section */

/* Begin PBXGroup section */
		53A96CA322CAEC1400B469D9 /* ViewModel */ = {
			isa = PBXGroup;
			children = (
				53A96CA122CAE4FE00B469D9 /* TableViewModel.swift */,
				53A96CAC22CB01AD00B469D9 /* BlueSectionModel.swift */,
				53A96CAE22CB01C200B469D9 /* GreenSectionViewModel.swift */,
				53A96CB022CB01DB00B469D9 /* RedSectionViewModel.swift */,
			);
			path = ViewModel;
			sourceTree = "<group>";
		};
		53A96CA722CB00E600B469D9 /* ViewController */ = {
			isa = PBXGroup;
			children = (
				53FC31D522C8DF01008D037D /* TableViewController.swift */,
			);
			path = ViewController;
			sourceTree = "<group>";
		};
		53A96CA822CB00F000B469D9 /* View */ = {
			isa = PBXGroup;
			children = (
				53FC320322C9048B008D037D /* Cells.swift */,
			);
			path = View;
			sourceTree = "<group>";
		};
		53A96CA922CB00F600B469D9 /* Modules */ = {
			isa = PBXGroup;
			children = (
				53A96CAA22CB010500B469D9 /* Elegance */,
			);
			path = Modules;
			sourceTree = "<group>";
		};
		53A96CAA22CB010500B469D9 /* Elegance */ = {
			isa = PBXGroup;
			children = (
				53A96CA822CB00F000B469D9 /* View */,
				53A96CA722CB00E600B469D9 /* ViewController */,
				53A96CA322CAEC1400B469D9 /* ViewModel */,
				53A96CB222CB03DF00B469D9 /* DataManager.swift */,
			);
			path = Elegance;
			sourceTree = "<group>";
		};
		53A96CAB22CB014500B469D9 /* Protocols */ = {
			isa = PBXGroup;
			children = (
				53A96C9F22CADB7B00B469D9 /* Protocols.swift */,
			);
			path = Protocols;
			sourceTree = "<group>";
		};
		53FC31C722C8DF01008D037D = {
			isa = PBXGroup;
			children = (
				53FC31D222C8DF01008D037D /* ElegantTableView */,
				53FC31E722C8DF02008D037D /* ElegantTableViewTests */,
				53FC31F222C8DF02008D037D /* ElegantTableViewUITests */,
				53FC31D122C8DF01008D037D /* Products */,
			);
			sourceTree = "<group>";
		};
		53FC31D122C8DF01008D037D /* Products */ = {
			isa = PBXGroup;
			children = (
				53FC31D022C8DF01008D037D /* ElegantTableView.app */,
				53FC31E422C8DF02008D037D /* ElegantTableViewTests.xctest */,
				53FC31EF22C8DF02008D037D /* ElegantTableViewUITests.xctest */,
			);
			name = Products;
			sourceTree = "<group>";
		};
		53FC31D222C8DF01008D037D /* ElegantTableView */ = {
			isa = PBXGroup;
			children = (
				53A96CAB22CB014500B469D9 /* Protocols */,
				53A96CA922CB00F600B469D9 /* Modules */,
				53FC31D322C8DF01008D037D /* AppDelegate.swift */,
				53FC31DA22C8DF02008D037D /* Assets.xcassets */,
				53FC31DF22C8DF02008D037D /* Info.plist */,
			);
			path = ElegantTableView;
			sourceTree = "<group>";
		};
		53FC31E722C8DF02008D037D /* ElegantTableViewTests */ = {
			isa = PBXGroup;
			children = (
				53FC31E822C8DF02008D037D /* ElegantTableViewTests.swift */,
				53FC31EA22C8DF02008D037D /* Info.plist */,
			);
			path = ElegantTableViewTests;
			sourceTree = "<group>";
		};
		53FC31F222C8DF02008D037D /* ElegantTableViewUITests */ = {
			isa = PBXGroup;
			children = (
				53FC31F322C8DF02008D037D /* ElegantTableViewUITests.swift */,
				53FC31F522C8DF02008D037D /* Info.plist */,
			);
			path = ElegantTableViewUITests;
			sourceTree = "<group>";
		};
/* End PBXGroup section */

/* Begin PBXNativeTarget section */
		53FC31CF22C8DF01008D037D /* ElegantTableView */ = {
			isa = PBXNativeTarget;
			buildConfigurationList = 53FC31F822C8DF02008D037D /* Build configuration list for PBXNativeTarget "ElegantTableView" */;
			buildPhases = (
				53FC31CC22C8DF01008D037D /* Sources */,
				53FC31CD22C8DF01008D037D /* Frameworks */,
				53FC31CE22C8DF01008D037D /* Resources */,
			);
			buildRules = (
			);
			dependencies = (
			);
			name = ElegantTableView;
			productName = ElegantTableView;
			productReference = 53FC31D022C8DF01008D037D /* ElegantTableView.app */;
			productType = "com.apple.product-type.application";
		};
		53FC31E322C8DF02008D037D /* ElegantTableViewTests */ = {
			isa = PBXNativeTarget;
			buildConfigurationList = 53FC31FB22C8DF02008D037D /* Build configuration list for PBXNativeTarget "ElegantTableViewTests" */;
			buildPhases = (
				53FC31E022C8DF02008D037D /* Sources */,
				53FC31E122C8DF02008D037D /* Frameworks */,
				53FC31E222C8DF02008D037D /* Resources */,
			);
			buildRules = (
			);
			dependencies = (
				53FC31E622C8DF02008D037D /* PBXTargetDependency */,
			);
			name = ElegantTableViewTests;
			productName = ElegantTableViewTests;
			productReference = 53FC31E422C8DF02008D037D /* ElegantTableViewTests.xctest */;
			productType = "com.apple.product-type.bundle.unit-test";
		};
		53FC31EE22C8DF02008D037D /* ElegantTableViewUITests */ = {
			isa = PBXNativeTarget;
			buildConfigurationList = 53FC31FE22C8DF02008D037D /* Build configuration list for PBXNativeTarget "ElegantTableViewUITests" */;
			buildPhases = (
				53FC31EB22C8DF02008D037D /* Sources */,
				53FC31EC22C8DF02008D037D /* Frameworks */,
				53FC31ED22C8DF02008D037D /* Resources */,
			);
			buildRules = (
			);
			dependencies = (
				53FC31F122C8DF02008D037D /* PBXTargetDependency */,
			);
			name = ElegantTableViewUITests;
			productName = ElegantTableViewUITests;
			productReference = 53FC31EF22C8DF02008D037D /* ElegantTableViewUITests.xctest */;
			productType = "com.apple.product-type.bundle.ui-testing";
		};
/* End PBXNativeTarget section */

/* Begin PBXProject section */
		53FC31C822C8DF01008D037D /* Project object */ = {
			isa = PBXProject;
			attributes = {
				LastSwiftUpdateCheck = 1020;
				LastUpgradeCheck = 1020;
				ORGANIZATIONNAME = "Ernest DeFoy";
				TargetAttributes = {
					53FC31CF22C8DF01008D037D = {
						CreatedOnToolsVersion = 10.2.1;
					};
					53FC31E322C8DF02008D037D = {
						CreatedOnToolsVersion = 10.2.1;
						TestTargetID = 53FC31CF22C8DF01008D037D;
					};
					53FC31EE22C8DF02008D037D = {
						CreatedOnToolsVersion = 10.2.1;
						TestTargetID = 53FC31CF22C8DF01008D037D;
					};
				};
			};
			buildConfigurationList = 53FC31CB22C8DF01008D037D /* Build configuration list for PBXProject "ElegantTableView" */;
			compatibilityVersion = "Xcode 9.3";
			developmentRegion = en;
			hasScannedForEncodings = 0;
			knownRegions = (
				en,
				Base,
			);
			mainGroup = 53FC31C722C8DF01008D037D;
			productRefGroup = 53FC31D122C8DF01008D037D /* Products */;
			projectDirPath = "";
			projectRoot = "";
			targets = (
				53FC31CF22C8DF01008D037D /* ElegantTableView */,
				53FC31E322C8DF02008D037D /* ElegantTableViewTests */,
				53FC31EE22C8DF02008D037D /* ElegantTableViewUITests */,
			);
		};
/* End PBXProject section */

/* Begin PBXResourcesBuildPhase section */
		53FC31CE22C8DF01008D037D /* Resources */ = {
			isa = PBXResourcesBuildPhase;
			buildActionMask = 2147483647;
			files = (
				53FC31DB22C8DF02008D037D /* Assets.xcassets in Resources */,
			);
			runOnlyForDeploymentPostprocessing = 0;
		};
		53FC31E222C8DF02008D037D /* Resources */ = {
			isa = PBXResourcesBuildPhase;
			buildActionMask = 2147483647;
			files = (
			);
			runOnlyForDeploymentPostprocessing = 0;
		};
		53FC31ED22C8DF02008D037D /* Resources */ = {
			isa = PBXResourcesBuildPhase;
			buildActionMask = 2147483647;
			files = (
			);
			runOnlyForDeploymentPostprocessing = 0;
		};
/* End PBXResourcesBuildPhase section */

/* Begin PBXSourcesBuildPhase section */
		53FC31CC22C8DF01008D037D /* Sources */ = {
			isa = PBXSourcesBuildPhase;
			buildActionMask = 2147483647;
			files = (
				53A96CB122CB01DB00B469D9 /* RedSectionViewModel.swift in Sources */,
				53FC320422C9048B008D037D /* Cells.swift in Sources */,
				53A96CAF22CB01C200B469D9 /* GreenSectionViewModel.swift in Sources */,
				53A96CAD22CB01AD00B469D9 /* BlueSectionModel.swift in Sources */,
				53A96CA022CADB7B00B469D9 /* Protocols.swift in Sources */,
				53FC31D622C8DF01008D037D /* TableViewController.swift in Sources */,
				53FC31D422C8DF01008D037D /* AppDelegate.swift in Sources */,
				53A96CB322CB03DF00B469D9 /* DataManager.swift in Sources */,
				53A96CA222CAE4FE00B469D9 /* TableViewModel.swift in Sources */,
			);
			runOnlyForDeploymentPostprocessing = 0;
		};
		53FC31E022C8DF02008D037D /* Sources */ = {
			isa = PBXSourcesBuildPhase;
			buildActionMask = 2147483647;
			files = (
				53FC31E922C8DF02008D037D /* ElegantTableViewTests.swift in Sources */,
			);
			runOnlyForDeploymentPostprocessing = 0;
		};
		53FC31EB22C8DF02008D037D /* Sources */ = {
			isa = PBXSourcesBuildPhase;
			buildActionMask = 2147483647;
			files = (
				53FC31F422C8DF02008D037D /* ElegantTableViewUITests.swift in Sources */,
			);
			runOnlyForDeploymentPostprocessing = 0;
		};
/* End PBXSourcesBuildPhase section */

/* Begin PBXTargetDependency section */
		53FC31E622C8DF02008D037D /* PBXTargetDependency */ = {
			isa = PBXTargetDependency;
			target = 53FC31CF22C8DF01008D037D /* ElegantTableView */;
			targetProxy = 53FC31E522C8DF02008D037D /* PBXContainerItemProxy */;
		};
		53FC31F122C8DF02008D037D /* PBXTargetDependency */ = {
			isa = PBXTargetDependency;
			target = 53FC31CF22C8DF01008D037D /* ElegantTableView */;
			targetProxy = 53FC31F022C8DF02008D037D /* PBXContainerItemProxy */;
		};
/* End PBXTargetDependency section */

/* Begin XCBuildConfiguration section */
		53FC31F622C8DF02008D037D /* Debug */ = {
			isa = XCBuildConfiguration;
			buildSettings = {
				ALWAYS_SEARCH_USER_PATHS = NO;
				CLANG_ANALYZER_NONNULL = YES;
				CLANG_ANALYZER_NUMBER_OBJECT_CONVERSION = YES_AGGRESSIVE;
				CLANG_CXX_LANGUAGE_STANDARD = "gnu++14";
				CLANG_CXX_LIBRARY = "libc++";
				CLANG_ENABLE_MODULES = YES;
				CLANG_ENABLE_OBJC_ARC = YES;
				CLANG_ENABLE_OBJC_WEAK = YES;
				CLANG_WARN_BLOCK_CAPTURE_AUTORELEASING = YES;
				CLANG_WARN_BOOL_CONVERSION = YES;
				CLANG_WARN_COMMA = YES;
				CLANG_WARN_CONSTANT_CONVERSION = YES;
				CLANG_WARN_DEPRECATED_OBJC_IMPLEMENTATIONS = YES;
				CLANG_WARN_DIRECT_OBJC_ISA_USAGE = YES_ERROR;
				CLANG_WARN_DOCUMENTATION_COMMENTS = YES;
				CLANG_WARN_EMPTY_BODY = YES;
				CLANG_WARN_ENUM_CONVERSION = YES;
				CLANG_WARN_INFINITE_RECURSION = YES;
				CLANG_WARN_INT_CONVERSION = YES;
				CLANG_WARN_NON_LITERAL_NULL_CONVERSION = YES;
				CLANG_WARN_OBJC_IMPLICIT_RETAIN_SELF = YES;
				CLANG_WARN_OBJC_LITERAL_CONVERSION = YES;
				CLANG_WARN_OBJC_ROOT_CLASS = YES_ERROR;
				CLANG_WARN_RANGE_LOOP_ANALYSIS = YES;
				CLANG_WARN_STRICT_PROTOTYPES = YES;
				CLANG_WARN_SUSPICIOUS_MOVE = YES;
				CLANG_WARN_UNGUARDED_AVAILABILITY = YES_AGGRESSIVE;
				CLANG_WARN_UNREACHABLE_CODE = YES;
				CLANG_WARN__DUPLICATE_METHOD_MATCH = YES;
				CODE_SIGN_IDENTITY = "iPhone Developer";
				COPY_PHASE_STRIP = NO;
				DEBUG_INFORMATION_FORMAT = dwarf;
				ENABLE_STRICT_OBJC_MSGSEND = YES;
				ENABLE_TESTABILITY = YES;
				GCC_C_LANGUAGE_STANDARD = gnu11;
				GCC_DYNAMIC_NO_PIC = NO;
				GCC_NO_COMMON_BLOCKS = YES;
				GCC_OPTIMIZATION_LEVEL = 0;
				GCC_PREPROCESSOR_DEFINITIONS = (
					"DEBUG=1",
					"$(inherited)",
				);
				GCC_WARN_64_TO_32_BIT_CONVERSION = YES;
				GCC_WARN_ABOUT_RETURN_TYPE = YES_ERROR;
				GCC_WARN_UNDECLARED_SELECTOR = YES;
				GCC_WARN_UNINITIALIZED_AUTOS = YES_AGGRESSIVE;
				GCC_WARN_UNUSED_FUNCTION = YES;
				GCC_WARN_UNUSED_VARIABLE = YES;
				IPHONEOS_DEPLOYMENT_TARGET = 12.2;
				MTL_ENABLE_DEBUG_INFO = INCLUDE_SOURCE;
				MTL_FAST_MATH = YES;
				ONLY_ACTIVE_ARCH = YES;
				SDKROOT = iphoneos;
				SWIFT_ACTIVE_COMPILATION_CONDITIONS = DEBUG;
				SWIFT_OPTIMIZATION_LEVEL = "-Onone";
			};
			name = Debug;
		};
		53FC31F722C8DF02008D037D /* Release */ = {
			isa = XCBuildConfiguration;
			buildSettings = {
				ALWAYS_SEARCH_USER_PATHS = NO;
				CLANG_ANALYZER_NONNULL = YES;
				CLANG_ANALYZER_NUMBER_OBJECT_CONVERSION = YES_AGGRESSIVE;
				CLANG_CXX_LANGUAGE_STANDARD = "gnu++14";
				CLANG_CXX_LIBRARY = "libc++";
				CLANG_ENABLE_MODULES = YES;
				CLANG_ENABLE_OBJC_ARC = YES;
				CLANG_ENABLE_OBJC_WEAK = YES;
				CLANG_WARN_BLOCK_CAPTURE_AUTORELEASING = YES;
				CLANG_WARN_BOOL_CONVERSION = YES;
				CLANG_WARN_COMMA = YES;
				CLANG_WARN_CONSTANT_CONVERSION = YES;
				CLANG_WARN_DEPRECATED_OBJC_IMPLEMENTATIONS = YES;
				CLANG_WARN_DIRECT_OBJC_ISA_USAGE = YES_ERROR;
				CLANG_WARN_DOCUMENTATION_COMMENTS = YES;
				CLANG_WARN_EMPTY_BODY = YES;
				CLANG_WARN_ENUM_CONVERSION = YES;
				CLANG_WARN_INFINITE_RECURSION = YES;
				CLANG_WARN_INT_CONVERSION = YES;
				CLANG_WARN_NON_LITERAL_NULL_CONVERSION = YES;
				CLANG_WARN_OBJC_IMPLICIT_RETAIN_SELF = YES;
				CLANG_WARN_OBJC_LITERAL_CONVERSION = YES;
				CLANG_WARN_OBJC_ROOT_CLASS = YES_ERROR;
				CLANG_WARN_RANGE_LOOP_ANALYSIS = YES;
				CLANG_WARN_STRICT_PROTOTYPES = YES;
				CLANG_WARN_SUSPICIOUS_MOVE = YES;
				CLANG_WARN_UNGUARDED_AVAILABILITY = YES_AGGRESSIVE;
				CLANG_WARN_UNREACHABLE_CODE = YES;
				CLANG_WARN__DUPLICATE_METHOD_MATCH = YES;
				CODE_SIGN_IDENTITY = "iPhone Developer";
				COPY_PHASE_STRIP = NO;
				DEBUG_INFORMATION_FORMAT = "dwarf-with-dsym";
				ENABLE_NS_ASSERTIONS = NO;
				ENABLE_STRICT_OBJC_MSGSEND = YES;
				GCC_C_LANGUAGE_STANDARD = gnu11;
				GCC_NO_COMMON_BLOCKS = YES;
				GCC_WARN_64_TO_32_BIT_CONVERSION = YES;
				GCC_WARN_ABOUT_RETURN_TYPE = YES_ERROR;
				GCC_WARN_UNDECLARED_SELECTOR = YES;
				GCC_WARN_UNINITIALIZED_AUTOS = YES_AGGRESSIVE;
				GCC_WARN_UNUSED_FUNCTION = YES;
				GCC_WARN_UNUSED_VARIABLE = YES;
				IPHONEOS_DEPLOYMENT_TARGET = 12.2;
				MTL_ENABLE_DEBUG_INFO = NO;
				MTL_FAST_MATH = YES;
				SDKROOT = iphoneos;
				SWIFT_COMPILATION_MODE = wholemodule;
				SWIFT_OPTIMIZATION_LEVEL = "-O";
				VALIDATE_PRODUCT = YES;
			};
			name = Release;
		};
		53FC31F922C8DF02008D037D /* Debug */ = {
			isa = XCBuildConfiguration;
			buildSettings = {
				ASSETCATALOG_COMPILER_APPICON_NAME = AppIcon;
				CODE_SIGN_STYLE = Automatic;
				INFOPLIST_FILE = ElegantTableView/Info.plist;
				LD_RUNPATH_SEARCH_PATHS = (
					"$(inherited)",
					"@executable_path/Frameworks",
				);
				PRODUCT_BUNDLE_IDENTIFIER = ernie.ElegantTableView;
				PRODUCT_NAME = "$(TARGET_NAME)";
				SWIFT_VERSION = 5.0;
				TARGETED_DEVICE_FAMILY = "1,2";
			};
			name = Debug;
		};
		53FC31FA22C8DF02008D037D /* Release */ = {
			isa = XCBuildConfiguration;
			buildSettings = {
				ASSETCATALOG_COMPILER_APPICON_NAME = AppIcon;
				CODE_SIGN_STYLE = Automatic;
				INFOPLIST_FILE = ElegantTableView/Info.plist;
				LD_RUNPATH_SEARCH_PATHS = (
					"$(inherited)",
					"@executable_path/Frameworks",
				);
				PRODUCT_BUNDLE_IDENTIFIER = ernie.ElegantTableView;
				PRODUCT_NAME = "$(TARGET_NAME)";
				SWIFT_VERSION = 5.0;
				TARGETED_DEVICE_FAMILY = "1,2";
			};
			name = Release;
		};
		53FC31FC22C8DF02008D037D /* Debug */ = {
			isa = XCBuildConfiguration;
			buildSettings = {
				ALWAYS_EMBED_SWIFT_STANDARD_LIBRARIES = YES;
				BUNDLE_LOADER = "$(TEST_HOST)";
				CODE_SIGN_STYLE = Automatic;
				INFOPLIST_FILE = ElegantTableViewTests/Info.plist;
				LD_RUNPATH_SEARCH_PATHS = (
					"$(inherited)",
					"@executable_path/Frameworks",
					"@loader_path/Frameworks",
				);
				PRODUCT_BUNDLE_IDENTIFIER = ernie.ElegantTableViewTests;
				PRODUCT_NAME = "$(TARGET_NAME)";
				SWIFT_VERSION = 5.0;
				TARGETED_DEVICE_FAMILY = "1,2";
				TEST_HOST = "$(BUILT_PRODUCTS_DIR)/ElegantTableView.app/ElegantTableView";
			};
			name = Debug;
		};
		53FC31FD22C8DF02008D037D /* Release */ = {
			isa = XCBuildConfiguration;
			buildSettings = {
				ALWAYS_EMBED_SWIFT_STANDARD_LIBRARIES = YES;
				BUNDLE_LOADER = "$(TEST_HOST)";
				CODE_SIGN_STYLE = Automatic;
				INFOPLIST_FILE = ElegantTableViewTests/Info.plist;
				LD_RUNPATH_SEARCH_PATHS = (
					"$(inherited)",
					"@executable_path/Frameworks",
					"@loader_path/Frameworks",
				);
				PRODUCT_BUNDLE_IDENTIFIER = ernie.ElegantTableViewTests;
				PRODUCT_NAME = "$(TARGET_NAME)";
				SWIFT_VERSION = 5.0;
				TARGETED_DEVICE_FAMILY = "1,2";
				TEST_HOST = "$(BUILT_PRODUCTS_DIR)/ElegantTableView.app/ElegantTableView";
			};
			name = Release;
		};
		53FC31FF22C8DF02008D037D /* Debug */ = {
			isa = XCBuildConfiguration;
			buildSettings = {
				ALWAYS_EMBED_SWIFT_STANDARD_LIBRARIES = YES;
				CODE_SIGN_STYLE = Automatic;
				INFOPLIST_FILE = ElegantTableViewUITests/Info.plist;
				LD_RUNPATH_SEARCH_PATHS = (
					"$(inherited)",
					"@executable_path/Frameworks",
					"@loader_path/Frameworks",
				);
				PRODUCT_BUNDLE_IDENTIFIER = ernie.ElegantTableViewUITests;
				PRODUCT_NAME = "$(TARGET_NAME)";
				SWIFT_VERSION = 5.0;
				TARGETED_DEVICE_FAMILY = "1,2";
				TEST_TARGET_NAME = ElegantTableView;
			};
			name = Debug;
		};
		53FC320022C8DF02008D037D /* Release */ = {
			isa = XCBuildConfiguration;
			buildSettings = {
				ALWAYS_EMBED_SWIFT_STANDARD_LIBRARIES = YES;
				CODE_SIGN_STYLE = Automatic;
				INFOPLIST_FILE = ElegantTableViewUITests/Info.plist;
				LD_RUNPATH_SEARCH_PATHS = (
					"$(inherited)",
					"@executable_path/Frameworks",
					"@loader_path/Frameworks",
				);
				PRODUCT_BUNDLE_IDENTIFIER = ernie.ElegantTableViewUITests;
				PRODUCT_NAME = "$(TARGET_NAME)";
				SWIFT_VERSION = 5.0;
				TARGETED_DEVICE_FAMILY = "1,2";
				TEST_TARGET_NAME = ElegantTableView;
			};
			name = Release;
		};
/* End XCBuildConfiguration section */

/* Begin XCConfigurationList section */
		53FC31CB22C8DF01008D037D /* Build configuration list for PBXProject "ElegantTableView" */ = {
			isa = XCConfigurationList;
			buildConfigurations = (
				53FC31F622C8DF02008D037D /* Debug */,
				53FC31F722C8DF02008D037D /* Release */,
			);
			defaultConfigurationIsVisible = 0;
			defaultConfigurationName = Release;
		};
		53FC31F822C8DF02008D037D /* Build configuration list for PBXNativeTarget "ElegantTableView" */ = {
			isa = XCConfigurationList;
			buildConfigurations = (
				53FC31F922C8DF02008D037D /* Debug */,
				53FC31FA22C8DF02008D037D /* Release */,
			);
			defaultConfigurationIsVisible = 0;
			defaultConfigurationName = Release;
		};
		53FC31FB22C8DF02008D037D /* Build configuration list for PBXNativeTarget "ElegantTableViewTests" */ = {
			isa = XCConfigurationList;
			buildConfigurations = (
				53FC31FC22C8DF02008D037D /* Debug */,
				53FC31FD22C8DF02008D037D /* Release */,
			);
			defaultConfigurationIsVisible = 0;
			defaultConfigurationName = Release;
		};
		53FC31FE22C8DF02008D037D /* Build configuration list for PBXNativeTarget "ElegantTableViewUITests" */ = {
			isa = XCConfigurationList;
			buildConfigurations = (
				53FC31FF22C8DF02008D037D /* Debug */,
				53FC320022C8DF02008D037D /* Release */,
			);
			defaultConfigurationIsVisible = 0;
			defaultConfigurationName = Release;
		};
/* End XCConfigurationList section */
	};
	rootObject = 53FC31C822C8DF01008D037D /* Project object */;
}
