// !$*UTF8*$!
{
	archiveVersion = 1;
	classes = {
	};
	objectVersion = 50;
	objects = {

/* Begin PBXBuildFile section */
		53F06B9422B696570099B7EA /* AppDelegate.swift in Sources */ = {isa = PBXBuildFile; fileRef = 53F06B9322B696570099B7EA /* AppDelegate.swift */; };
		53F06B9622B696570099B7EA /* LaunchViewController.swift in Sources */ = {isa = PBXBuildFile; fileRef = 53F06B9522B696570099B7EA /* LaunchViewController.swift */; };
		53F06B9922B696570099B7EA /* Main.storyboard in Resources */ = {isa = PBXBuildFile; fileRef = 53F06B9722B696570099B7EA /* Main.storyboard */; };
		53F06B9B22B696590099B7EA /* Assets.xcassets in Resources */ = {isa = PBXBuildFile; fileRef = 53F06B9A22B696590099B7EA /* Assets.xcassets */; };
		53F06B9E22B696590099B7EA /* LaunchScreen.storyboard in Resources */ = {isa = PBXBuildFile; fileRef = 53F06B9C22B696590099B7EA /* LaunchScreen.storyboard */; };
		53F06BA922B696590099B7EA /* LaunchFetchTests.swift in Sources */ = {isa = PBXBuildFile; fileRef = 53F06BA822B696590099B7EA /* LaunchFetchTests.swift */; };
		53F06BB422B696590099B7EA /* LaunchFetchUITests.swift in Sources */ = {isa = PBXBuildFile; fileRef = 53F06BB322B696590099B7EA /* LaunchFetchUITests.swift */; };
		53F06BC222B6966C0099B7EA /* Launch.swift in Sources */ = {isa = PBXBuildFile; fileRef = 53F06BC122B6966C0099B7EA /* Launch.swift */; };
		53F06BC422B69A200099B7EA /* Launch.json in Resources */ = {isa = PBXBuildFile; fileRef = 53F06BC322B69A200099B7EA /* Launch.json */; };
		53F06BC622B6AF880099B7EA /* NetworkRequest.swift in Sources */ = {isa = PBXBuildFile; fileRef = 53F06BC522B6AF880099B7EA /* NetworkRequest.swift */; };
		53F06BC822B6B7890099B7EA /* LaunchesViewController.swift in Sources */ = {isa = PBXBuildFile; fileRef = 53F06BC722B6B7890099B7EA /* LaunchesViewController.swift */; };
/* End PBXBuildFile section */

/* Begin PBXContainerItemProxy section */
		53F06BA522B696590099B7EA /* PBXContainerItemProxy */ = {
			isa = PBXContainerItemProxy;
			containerPortal = 53F06B8822B696570099B7EA /* Project object */;
			proxyType = 1;
			remoteGlobalIDString = 53F06B8F22B696570099B7EA;
			remoteInfo = LaunchFetch;
		};
		53F06BB022B696590099B7EA /* PBXContainerItemProxy */ = {
			isa = PBXContainerItemProxy;
			containerPortal = 53F06B8822B696570099B7EA /* Project object */;
			proxyType = 1;
			remoteGlobalIDString = 53F06B8F22B696570099B7EA;
			remoteInfo = LaunchFetch;
		};
/* End PBXContainerItemProxy section */

/* Begin PBXFileReference section */
		53F06B9022B696570099B7EA /* LaunchFetch.app */ = {isa = PBXFileReference; explicitFileType = wrapper.application; includeInIndex = 0; path = LaunchFetch.app; sourceTree = BUILT_PRODUCTS_DIR; };
		53F06B9322B696570099B7EA /* AppDelegate.swift */ = {isa = PBXFileReference; lastKnownFileType = sourcecode.swift; path = AppDelegate.swift; sourceTree = "<group>"; };
		53F06B9522B696570099B7EA /* LaunchViewController.swift */ = {isa = PBXFileReference; lastKnownFileType = sourcecode.swift; path = LaunchViewController.swift; sourceTree = "<group>"; };
		53F06B9822B696570099B7EA /* Base */ = {isa = PBXFileReference; lastKnownFileType = file.storyboard; name = Base; path = Base.lproj/Main.storyboard; sourceTree = "<group>"; };
		53F06B9A22B696590099B7EA /* Assets.xcassets */ = {isa = PBXFileReference; lastKnownFileType = folder.assetcatalog; path = Assets.xcassets; sourceTree = "<group>"; };
		53F06B9D22B696590099B7EA /* Base */ = {isa = PBXFileReference; lastKnownFileType = file.storyboard; name = Base; path = Base.lproj/LaunchScreen.storyboard; sourceTree = "<group>"; };
		53F06B9F22B696590099B7EA /* Info.plist */ = {isa = PBXFileReference; lastKnownFileType = text.plist.xml; path = Info.plist; sourceTree = "<group>"; };
		53F06BA422B696590099B7EA /* LaunchFetchTests.xctest */ = {isa = PBXFileReference; explicitFileType = wrapper.cfbundle; includeInIndex = 0; path = LaunchFetchTests.xctest; sourceTree = BUILT_PRODUCTS_DIR; };
		53F06BA822B696590099B7EA /* LaunchFetchTests.swift */ = {isa = PBXFileReference; lastKnownFileType = sourcecode.swift; path = LaunchFetchTests.swift; sourceTree = "<group>"; };
		53F06BAA22B696590099B7EA /* Info.plist */ = {isa = PBXFileReference; lastKnownFileType = text.plist.xml; path = Info.plist; sourceTree = "<group>"; };
		53F06BAF22B696590099B7EA /* LaunchFetchUITests.xctest */ = {isa = PBXFileReference; explicitFileType = wrapper.cfbundle; includeInIndex = 0; path = LaunchFetchUITests.xctest; sourceTree = BUILT_PRODUCTS_DIR; };
		53F06BB322B696590099B7EA /* LaunchFetchUITests.swift */ = {isa = PBXFileReference; lastKnownFileType = sourcecode.swift; path = LaunchFetchUITests.swift; sourceTree = "<group>"; };
		53F06BB522B696590099B7EA /* Info.plist */ = {isa = PBXFileReference; lastKnownFileType = text.plist.xml; path = Info.plist; sourceTree = "<group>"; };
		53F06BC122B6966C0099B7EA /* Launch.swift */ = {isa = PBXFileReference; lastKnownFileType = sourcecode.swift; path = Launch.swift; sourceTree = "<group>"; };
		53F06BC322B69A200099B7EA /* Launch.json */ = {isa = PBXFileReference; fileEncoding = 4; lastKnownFileType = text.json; path = Launch.json; sourceTree = "<group>"; };
		53F06BC522B6AF880099B7EA /* NetworkRequest.swift */ = {isa = PBXFileReference; lastKnownFileType = sourcecode.swift; path = NetworkRequest.swift; sourceTree = "<group>"; };
		53F06BC722B6B7890099B7EA /* LaunchesViewController.swift */ = {isa = PBXFileReference; lastKnownFileType = sourcecode.swift; path = LaunchesViewController.swift; sourceTree = "<group>"; };
/* End PBXFileReference section */

/* Begin PBXFrameworksBuildPhase section */
		53F06B8D22B696570099B7EA /* Frameworks */ = {
			isa = PBXFrameworksBuildPhase;
			buildActionMask = 2147483647;
			files = (
			);
			runOnlyForDeploymentPostprocessing = 0;
		};
		53F06BA122B696590099B7EA /* Frameworks */ = {
			isa = PBXFrameworksBuildPhase;
			buildActionMask = 2147483647;
			files = (
			);
			runOnlyForDeploymentPostprocessing = 0;
		};
		53F06BAC22B696590099B7EA /* Frameworks */ = {
			isa = PBXFrameworksBuildPhase;
			buildActionMask = 2147483647;
			files = (
			);
			runOnlyForDeploymentPostprocessing = 0;
		};
/* End PBXFrameworksBuildPhase section */

/* Begin PBXGroup section */
		53F06B8722B696570099B7EA = {
			isa = PBXGroup;
			children = (
				53F06B9222B696570099B7EA /* LaunchFetch */,
				53F06BA722B696590099B7EA /* LaunchFetchTests */,
				53F06BB222B696590099B7EA /* LaunchFetchUITests */,
				53F06B9122B696570099B7EA /* Products */,
			);
			sourceTree = "<group>";
		};
		53F06B9122B696570099B7EA /* Products */ = {
			isa = PBXGroup;
			children = (
				53F06B9022B696570099B7EA /* LaunchFetch.app */,
				53F06BA422B696590099B7EA /* LaunchFetchTests.xctest */,
				53F06BAF22B696590099B7EA /* LaunchFetchUITests.xctest */,
			);
			name = Products;
			sourceTree = "<group>";
		};
		53F06B9222B696570099B7EA /* LaunchFetch */ = {
			isa = PBXGroup;
			children = (
				53F06BC122B6966C0099B7EA /* Launch.swift */,
				53F06B9322B696570099B7EA /* AppDelegate.swift */,
				53F06B9522B696570099B7EA /* LaunchViewController.swift */,
				53F06B9722B696570099B7EA /* Main.storyboard */,
				53F06B9A22B696590099B7EA /* Assets.xcassets */,
				53F06B9C22B696590099B7EA /* LaunchScreen.storyboard */,
				53F06B9F22B696590099B7EA /* Info.plist */,
				53F06BC522B6AF880099B7EA /* NetworkRequest.swift */,
				53F06BC722B6B7890099B7EA /* LaunchesViewController.swift */,
			);
			path = LaunchFetch;
			sourceTree = "<group>";
		};
		53F06BA722B696590099B7EA /* LaunchFetchTests */ = {
			isa = PBXGroup;
			children = (
				53F06BC322B69A200099B7EA /* Launch.json */,
				53F06BA822B696590099B7EA /* LaunchFetchTests.swift */,
				53F06BAA22B696590099B7EA /* Info.plist */,
			);
			path = LaunchFetchTests;
			sourceTree = "<group>";
		};
		53F06BB222B696590099B7EA /* LaunchFetchUITests */ = {
			isa = PBXGroup;
			children = (
				53F06BB322B696590099B7EA /* LaunchFetchUITests.swift */,
				53F06BB522B696590099B7EA /* Info.plist */,
			);
			path = LaunchFetchUITests;
			sourceTree = "<group>";
		};
/* End PBXGroup section */

/* Begin PBXNativeTarget section */
		53F06B8F22B696570099B7EA /* LaunchFetch */ = {
			isa = PBXNativeTarget;
			buildConfigurationList = 53F06BB822B696590099B7EA /* Build configuration list for PBXNativeTarget "LaunchFetch" */;
			buildPhases = (
				53F06B8C22B696570099B7EA /* Sources */,
				53F06B8D22B696570099B7EA /* Frameworks */,
				53F06B8E22B696570099B7EA /* Resources */,
			);
			buildRules = (
			);
			dependencies = (
			);
			name = LaunchFetch;
			productName = LaunchFetch;
			productReference = 53F06B9022B696570099B7EA /* LaunchFetch.app */;
			productType = "com.apple.product-type.application";
		};
		53F06BA322B696590099B7EA /* LaunchFetchTests */ = {
			isa = PBXNativeTarget;
			buildConfigurationList = 53F06BBB22B696590099B7EA /* Build configuration list for PBXNativeTarget "LaunchFetchTests" */;
			buildPhases = (
				53F06BA022B696590099B7EA /* Sources */,
				53F06BA122B696590099B7EA /* Frameworks */,
				53F06BA222B696590099B7EA /* Resources */,
			);
			buildRules = (
			);
			dependencies = (
				53F06BA622B696590099B7EA /* PBXTargetDependency */,
			);
			name = LaunchFetchTests;
			productName = LaunchFetchTests;
			productReference = 53F06BA422B696590099B7EA /* LaunchFetchTests.xctest */;
			productType = "com.apple.product-type.bundle.unit-test";
		};
		53F06BAE22B696590099B7EA /* LaunchFetchUITests */ = {
			isa = PBXNativeTarget;
			buildConfigurationList = 53F06BBE22B696590099B7EA /* Build configuration list for PBXNativeTarget "LaunchFetchUITests" */;
			buildPhases = (
				53F06BAB22B696590099B7EA /* Sources */,
				53F06BAC22B696590099B7EA /* Frameworks */,
				53F06BAD22B696590099B7EA /* Resources */,
			);
			buildRules = (
			);
			dependencies = (
				53F06BB122B696590099B7EA /* PBXTargetDependency */,
			);
			name = LaunchFetchUITests;
			productName = LaunchFetchUITests;
			productReference = 53F06BAF22B696590099B7EA /* LaunchFetchUITests.xctest */;
			productType = "com.apple.product-type.bundle.ui-testing";
		};
/* End PBXNativeTarget section */

/* Begin PBXProject section */
		53F06B8822B696570099B7EA /* Project object */ = {
			isa = PBXProject;
			attributes = {
				LastSwiftUpdateCheck = 1020;
				LastUpgradeCheck = 1020;
				ORGANIZATIONNAME = "Ernest DeFoy";
				TargetAttributes = {
					53F06B8F22B696570099B7EA = {
						CreatedOnToolsVersion = 10.2.1;
					};
					53F06BA322B696590099B7EA = {
						CreatedOnToolsVersion = 10.2.1;
						TestTargetID = 53F06B8F22B696570099B7EA;
					};
					53F06BAE22B696590099B7EA = {
						CreatedOnToolsVersion = 10.2.1;
						TestTargetID = 53F06B8F22B696570099B7EA;
					};
				};
			};
			buildConfigurationList = 53F06B8B22B696570099B7EA /* Build configuration list for PBXProject "LaunchFetch" */;
			compatibilityVersion = "Xcode 9.3";
			developmentRegion = en;
			hasScannedForEncodings = 0;
			knownRegions = (
				en,
				Base,
			);
			mainGroup = 53F06B8722B696570099B7EA;
			productRefGroup = 53F06B9122B696570099B7EA /* Products */;
			projectDirPath = "";
			projectRoot = "";
			targets = (
				53F06B8F22B696570099B7EA /* LaunchFetch */,
				53F06BA322B696590099B7EA /* LaunchFetchTests */,
				53F06BAE22B696590099B7EA /* LaunchFetchUITests */,
			);
		};
/* End PBXProject section */

/* Begin PBXResourcesBuildPhase section */
		53F06B8E22B696570099B7EA /* Resources */ = {
			isa = PBXResourcesBuildPhase;
			buildActionMask = 2147483647;
			files = (
				53F06B9E22B696590099B7EA /* LaunchScreen.storyboard in Resources */,
				53F06B9B22B696590099B7EA /* Assets.xcassets in Resources */,
				53F06B9922B696570099B7EA /* Main.storyboard in Resources */,
			);
			runOnlyForDeploymentPostprocessing = 0;
		};
		53F06BA222B696590099B7EA /* Resources */ = {
			isa = PBXResourcesBuildPhase;
			buildActionMask = 2147483647;
			files = (
				53F06BC422B69A200099B7EA /* Launch.json in Resources */,
			);
			runOnlyForDeploymentPostprocessing = 0;
		};
		53F06BAD22B696590099B7EA /* Resources */ = {
			isa = PBXResourcesBuildPhase;
			buildActionMask = 2147483647;
			files = (
			);
			runOnlyForDeploymentPostprocessing = 0;
		};
/* End PBXResourcesBuildPhase section */

/* Begin PBXSourcesBuildPhase section */
		53F06B8C22B696570099B7EA /* Sources */ = {
			isa = PBXSourcesBuildPhase;
			buildActionMask = 2147483647;
			files = (
				53F06B9622B696570099B7EA /* LaunchViewController.swift in Sources */,
				53F06BC222B6966C0099B7EA /* Launch.swift in Sources */,
				53F06BC822B6B7890099B7EA /* LaunchesViewController.swift in Sources */,
				53F06BC622B6AF880099B7EA /* NetworkRequest.swift in Sources */,
				53F06B9422B696570099B7EA /* AppDelegate.swift in Sources */,
			);
			runOnlyForDeploymentPostprocessing = 0;
		};
		53F06BA022B696590099B7EA /* Sources */ = {
			isa = PBXSourcesBuildPhase;
			buildActionMask = 2147483647;
			files = (
				53F06BA922B696590099B7EA /* LaunchFetchTests.swift in Sources */,
			);
			runOnlyForDeploymentPostprocessing = 0;
		};
		53F06BAB22B696590099B7EA /* Sources */ = {
			isa = PBXSourcesBuildPhase;
			buildActionMask = 2147483647;
			files = (
				53F06BB422B696590099B7EA /* LaunchFetchUITests.swift in Sources */,
			);
			runOnlyForDeploymentPostprocessing = 0;
		};
/* End PBXSourcesBuildPhase section */

/* Begin PBXTargetDependency section */
		53F06BA622B696590099B7EA /* PBXTargetDependency */ = {
			isa = PBXTargetDependency;
			target = 53F06B8F22B696570099B7EA /* LaunchFetch */;
			targetProxy = 53F06BA522B696590099B7EA /* PBXContainerItemProxy */;
		};
		53F06BB122B696590099B7EA /* PBXTargetDependency */ = {
			isa = PBXTargetDependency;
			target = 53F06B8F22B696570099B7EA /* LaunchFetch */;
			targetProxy = 53F06BB022B696590099B7EA /* PBXContainerItemProxy */;
		};
/* End PBXTargetDependency section */

/* Begin PBXVariantGroup section */
		53F06B9722B696570099B7EA /* Main.storyboard */ = {
			isa = PBXVariantGroup;
			children = (
				53F06B9822B696570099B7EA /* Base */,
			);
			name = Main.storyboard;
			sourceTree = "<group>";
		};
		53F06B9C22B696590099B7EA /* LaunchScreen.storyboard */ = {
			isa = PBXVariantGroup;
			children = (
				53F06B9D22B696590099B7EA /* Base */,
			);
			name = LaunchScreen.storyboard;
			sourceTree = "<group>";
		};
/* End PBXVariantGroup section */

/* Begin XCBuildConfiguration section */
		53F06BB622B696590099B7EA /* Debug */ = {
			isa = XCBuildConfiguration;
			buildSettings = {
				ALWAYS_SEARCH_USER_PATHS = NO;
				CLANG_ANALYZER_NONNULL = YES;
				CLANG_ANALYZER_NUMBER_OBJECT_CONVERSION = YES_AGGRESSIVE;
				CLANG_CXX_LANGUAGE_STANDARD = "gnu++14";
				CLANG_CXX_LIBRARY = "libc++";
				CLANG_ENABLE_MODULES = YES;
				CLANG_ENABLE_OBJC_ARC = YES;
				CLANG_ENABLE_OBJC_WEAK = YES;
				CLANG_WARN_BLOCK_CAPTURE_AUTORELEASING = YES;
				CLANG_WARN_BOOL_CONVERSION = YES;
				CLANG_WARN_COMMA = YES;
				CLANG_WARN_CONSTANT_CONVERSION = YES;
				CLANG_WARN_DEPRECATED_OBJC_IMPLEMENTATIONS = YES;
				CLANG_WARN_DIRECT_OBJC_ISA_USAGE = YES_ERROR;
				CLANG_WARN_DOCUMENTATION_COMMENTS = YES;
				CLANG_WARN_EMPTY_BODY = YES;
				CLANG_WARN_ENUM_CONVERSION = YES;
				CLANG_WARN_INFINITE_RECURSION = YES;
				CLANG_WARN_INT_CONVERSION = YES;
				CLANG_WARN_NON_LITERAL_NULL_CONVERSION = YES;
				CLANG_WARN_OBJC_IMPLICIT_RETAIN_SELF = YES;
				CLANG_WARN_OBJC_LITERAL_CONVERSION = YES;
				CLANG_WARN_OBJC_ROOT_CLASS = YES_ERROR;
				CLANG_WARN_RANGE_LOOP_ANALYSIS = YES;
				CLANG_WARN_STRICT_PROTOTYPES = YES;
				CLANG_WARN_SUSPICIOUS_MOVE = YES;
				CLANG_WARN_UNGUARDED_AVAILABILITY = YES_AGGRESSIVE;
				CLANG_WARN_UNREACHABLE_CODE = YES;
				CLANG_WARN__DUPLICATE_METHOD_MATCH = YES;
				CODE_SIGN_IDENTITY = "iPhone Developer";
				COPY_PHASE_STRIP = NO;
				DEBUG_INFORMATION_FORMAT = dwarf;
				ENABLE_STRICT_OBJC_MSGSEND = YES;
				ENABLE_TESTABILITY = YES;
				GCC_C_LANGUAGE_STANDARD = gnu11;
				GCC_DYNAMIC_NO_PIC = NO;
				GCC_NO_COMMON_BLOCKS = YES;
				GCC_OPTIMIZATION_LEVEL = 0;
				GCC_PREPROCESSOR_DEFINITIONS = (
					"DEBUG=1",
					"$(inherited)",
				);
				GCC_WARN_64_TO_32_BIT_CONVERSION = YES;
				GCC_WARN_ABOUT_RETURN_TYPE = YES_ERROR;
				GCC_WARN_UNDECLARED_SELECTOR = YES;
				GCC_WARN_UNINITIALIZED_AUTOS = YES_AGGRESSIVE;
				GCC_WARN_UNUSED_FUNCTION = YES;
				GCC_WARN_UNUSED_VARIABLE = YES;
				IPHONEOS_DEPLOYMENT_TARGET = 12.2;
				MTL_ENABLE_DEBUG_INFO = INCLUDE_SOURCE;
				MTL_FAST_MATH = YES;
				ONLY_ACTIVE_ARCH = YES;
				SDKROOT = iphoneos;
				SWIFT_ACTIVE_COMPILATION_CONDITIONS = DEBUG;
				SWIFT_OPTIMIZATION_LEVEL = "-Onone";
			};
			name = Debug;
		};
		53F06BB722B696590099B7EA /* Release */ = {
			isa = XCBuildConfiguration;
			buildSettings = {
				ALWAYS_SEARCH_USER_PATHS = NO;
				CLANG_ANALYZER_NONNULL = YES;
				CLANG_ANALYZER_NUMBER_OBJECT_CONVERSION = YES_AGGRESSIVE;
				CLANG_CXX_LANGUAGE_STANDARD = "gnu++14";
				CLANG_CXX_LIBRARY = "libc++";
				CLANG_ENABLE_MODULES = YES;
				CLANG_ENABLE_OBJC_ARC = YES;
				CLANG_ENABLE_OBJC_WEAK = YES;
				CLANG_WARN_BLOCK_CAPTURE_AUTORELEASING = YES;
				CLANG_WARN_BOOL_CONVERSION = YES;
				CLANG_WARN_COMMA = YES;
				CLANG_WARN_CONSTANT_CONVERSION = YES;
				CLANG_WARN_DEPRECATED_OBJC_IMPLEMENTATIONS = YES;
				CLANG_WARN_DIRECT_OBJC_ISA_USAGE = YES_ERROR;
				CLANG_WARN_DOCUMENTATION_COMMENTS = YES;
				CLANG_WARN_EMPTY_BODY = YES;
				CLANG_WARN_ENUM_CONVERSION = YES;
				CLANG_WARN_INFINITE_RECURSION = YES;
				CLANG_WARN_INT_CONVERSION = YES;
				CLANG_WARN_NON_LITERAL_NULL_CONVERSION = YES;
				CLANG_WARN_OBJC_IMPLICIT_RETAIN_SELF = YES;
				CLANG_WARN_OBJC_LITERAL_CONVERSION = YES;
				CLANG_WARN_OBJC_ROOT_CLASS = YES_ERROR;
				CLANG_WARN_RANGE_LOOP_ANALYSIS = YES;
				CLANG_WARN_STRICT_PROTOTYPES = YES;
				CLANG_WARN_SUSPICIOUS_MOVE = YES;
				CLANG_WARN_UNGUARDED_AVAILABILITY = YES_AGGRESSIVE;
				CLANG_WARN_UNREACHABLE_CODE = YES;
				CLANG_WARN__DUPLICATE_METHOD_MATCH = YES;
				CODE_SIGN_IDENTITY = "iPhone Developer";
				COPY_PHASE_STRIP = NO;
				DEBUG_INFORMATION_FORMAT = "dwarf-with-dsym";
				ENABLE_NS_ASSERTIONS = NO;
				ENABLE_STRICT_OBJC_MSGSEND = YES;
				GCC_C_LANGUAGE_STANDARD = gnu11;
				GCC_NO_COMMON_BLOCKS = YES;
				GCC_WARN_64_TO_32_BIT_CONVERSION = YES;
				GCC_WARN_ABOUT_RETURN_TYPE = YES_ERROR;
				GCC_WARN_UNDECLARED_SELECTOR = YES;
				GCC_WARN_UNINITIALIZED_AUTOS = YES_AGGRESSIVE;
				GCC_WARN_UNUSED_FUNCTION = YES;
				GCC_WARN_UNUSED_VARIABLE = YES;
				IPHONEOS_DEPLOYMENT_TARGET = 12.2;
				MTL_ENABLE_DEBUG_INFO = NO;
				MTL_FAST_MATH = YES;
				SDKROOT = iphoneos;
				SWIFT_COMPILATION_MODE = wholemodule;
				SWIFT_OPTIMIZATION_LEVEL = "-O";
				VALIDATE_PRODUCT = YES;
			};
			name = Release;
		};
		53F06BB922B696590099B7EA /* Debug */ = {
			isa = XCBuildConfiguration;
			buildSettings = {
				ASSETCATALOG_COMPILER_APPICON_NAME = AppIcon;
				CODE_SIGN_STYLE = Automatic;
				INFOPLIST_FILE = LaunchFetch/Info.plist;
				LD_RUNPATH_SEARCH_PATHS = (
					"$(inherited)",
					"@executable_path/Frameworks",
				);
				PRODUCT_BUNDLE_IDENTIFIER = ernie.LaunchFetch;
				PRODUCT_NAME = "$(TARGET_NAME)";
				SWIFT_VERSION = 5.0;
				TARGETED_DEVICE_FAMILY = "1,2";
			};
			name = Debug;
		};
		53F06BBA22B696590099B7EA /* Release */ = {
			isa = XCBuildConfiguration;
			buildSettings = {
				ASSETCATALOG_COMPILER_APPICON_NAME = AppIcon;
				CODE_SIGN_STYLE = Automatic;
				INFOPLIST_FILE = LaunchFetch/Info.plist;
				LD_RUNPATH_SEARCH_PATHS = (
					"$(inherited)",
					"@executable_path/Frameworks",
				);
				PRODUCT_BUNDLE_IDENTIFIER = ernie.LaunchFetch;
				PRODUCT_NAME = "$(TARGET_NAME)";
				SWIFT_VERSION = 5.0;
				TARGETED_DEVICE_FAMILY = "1,2";
			};
			name = Release;
		};
		53F06BBC22B696590099B7EA /* Debug */ = {
			isa = XCBuildConfiguration;
			buildSettings = {
				ALWAYS_EMBED_SWIFT_STANDARD_LIBRARIES = YES;
				BUNDLE_LOADER = "$(TEST_HOST)";
				CODE_SIGN_STYLE = Automatic;
				INFOPLIST_FILE = LaunchFetchTests/Info.plist;
				LD_RUNPATH_SEARCH_PATHS = (
					"$(inherited)",
					"@executable_path/Frameworks",
					"@loader_path/Frameworks",
				);
				PRODUCT_BUNDLE_IDENTIFIER = ernie.LaunchFetchTests;
				PRODUCT_NAME = "$(TARGET_NAME)";
				SWIFT_VERSION = 5.0;
				TARGETED_DEVICE_FAMILY = "1,2";
				TEST_HOST = "$(BUILT_PRODUCTS_DIR)/LaunchFetch.app/LaunchFetch";
			};
			name = Debug;
		};
		53F06BBD22B696590099B7EA /* Release */ = {
			isa = XCBuildConfiguration;
			buildSettings = {
				ALWAYS_EMBED_SWIFT_STANDARD_LIBRARIES = YES;
				BUNDLE_LOADER = "$(TEST_HOST)";
				CODE_SIGN_STYLE = Automatic;
				INFOPLIST_FILE = LaunchFetchTests/Info.plist;
				LD_RUNPATH_SEARCH_PATHS = (
					"$(inherited)",
					"@executable_path/Frameworks",
					"@loader_path/Frameworks",
				);
				PRODUCT_BUNDLE_IDENTIFIER = ernie.LaunchFetchTests;
				PRODUCT_NAME = "$(TARGET_NAME)";
				SWIFT_VERSION = 5.0;
				TARGETED_DEVICE_FAMILY = "1,2";
				TEST_HOST = "$(BUILT_PRODUCTS_DIR)/LaunchFetch.app/LaunchFetch";
			};
			name = Release;
		};
		53F06BBF22B696590099B7EA /* Debug */ = {
			isa = XCBuildConfiguration;
			buildSettings = {
				ALWAYS_EMBED_SWIFT_STANDARD_LIBRARIES = YES;
				CODE_SIGN_STYLE = Automatic;
				INFOPLIST_FILE = LaunchFetchUITests/Info.plist;
				LD_RUNPATH_SEARCH_PATHS = (
					"$(inherited)",
					"@executable_path/Frameworks",
					"@loader_path/Frameworks",
				);
				PRODUCT_BUNDLE_IDENTIFIER = ernie.LaunchFetchUITests;
				PRODUCT_NAME = "$(TARGET_NAME)";
				SWIFT_VERSION = 5.0;
				TARGETED_DEVICE_FAMILY = "1,2";
				TEST_TARGET_NAME = LaunchFetch;
			};
			name = Debug;
		};
		53F06BC022B696590099B7EA /* Release */ = {
			isa = XCBuildConfiguration;
			buildSettings = {
				ALWAYS_EMBED_SWIFT_STANDARD_LIBRARIES = YES;
				CODE_SIGN_STYLE = Automatic;
				INFOPLIST_FILE = LaunchFetchUITests/Info.plist;
				LD_RUNPATH_SEARCH_PATHS = (
					"$(inherited)",
					"@executable_path/Frameworks",
					"@loader_path/Frameworks",
				);
				PRODUCT_BUNDLE_IDENTIFIER = ernie.LaunchFetchUITests;
				PRODUCT_NAME = "$(TARGET_NAME)";
				SWIFT_VERSION = 5.0;
				TARGETED_DEVICE_FAMILY = "1,2";
				TEST_TARGET_NAME = LaunchFetch;
			};
			name = Release;
		};
/* End XCBuildConfiguration section */

/* Begin XCConfigurationList section */
		53F06B8B22B696570099B7EA /* Build configuration list for PBXProject "LaunchFetch" */ = {
			isa = XCConfigurationList;
			buildConfigurations = (
				53F06BB622B696590099B7EA /* Debug */,
				53F06BB722B696590099B7EA /* Release */,
			);
			defaultConfigurationIsVisible = 0;
			defaultConfigurationName = Release;
		};
		53F06BB822B696590099B7EA /* Build configuration list for PBXNativeTarget "LaunchFetch" */ = {
			isa = XCConfigurationList;
			buildConfigurations = (
				53F06BB922B696590099B7EA /* Debug */,
				53F06BBA22B696590099B7EA /* Release */,
			);
			defaultConfigurationIsVisible = 0;
			defaultConfigurationName = Release;
		};
		53F06BBB22B696590099B7EA /* Build configuration list for PBXNativeTarget "LaunchFetchTests" */ = {
			isa = XCConfigurationList;
			buildConfigurations = (
				53F06BBC22B696590099B7EA /* Debug */,
				53F06BBD22B696590099B7EA /* Release */,
			);
			defaultConfigurationIsVisible = 0;
			defaultConfigurationName = Release;
		};
		53F06BBE22B696590099B7EA /* Build configuration list for PBXNativeTarget "LaunchFetchUITests" */ = {
			isa = XCConfigurationList;
			buildConfigurations = (
				53F06BBF22B696590099B7EA /* Debug */,
				53F06BC022B696590099B7EA /* Release */,
			);
			defaultConfigurationIsVisible = 0;
			defaultConfigurationName = Release;
		};
/* End XCConfigurationList section */
	};
	rootObject = 53F06B8822B696570099B7EA /* Project object */;
}
