// !$*UTF8*$!
{
	archiveVersion = 1;
	classes = {
	};
	objectVersion = 50;
	objects = {

/* Begin PBXBuildFile section */
		53A3BD4F22B84A1B001B4F64 /* FullStockHistory.json in Resources */ = {isa = PBXBuildFile; fileRef = 53A3BD4E22B84A1B001B4F64 /* FullStockHistory.json */; };
		53A3BD6322B85621001B4F64 /* StockHistory.xcdatamodeld in Sources */ = {isa = PBXBuildFile; fileRef = 53A3BD6122B85621001B4F64 /* StockHistory.xcdatamodeld */; };
		53F06B5822B5CB460099B7EA /* AppDelegate.swift in Sources */ = {isa = PBXBuildFile; fileRef = 53F06B5722B5CB460099B7EA /* AppDelegate.swift */; };
		53F06B5A22B5CB460099B7EA /* StocksViewController.swift in Sources */ = {isa = PBXBuildFile; fileRef = 53F06B5922B5CB460099B7EA /* StocksViewController.swift */; };
		53F06B5F22B5CB480099B7EA /* Assets.xcassets in Resources */ = {isa = PBXBuildFile; fileRef = 53F06B5E22B5CB480099B7EA /* Assets.xcassets */; };
		53F06B6D22B5CB480099B7EA /* StockFetchTests.swift in Sources */ = {isa = PBXBuildFile; fileRef = 53F06B6C22B5CB480099B7EA /* StockFetchTests.swift */; };
		53F06B7822B5CB490099B7EA /* StockFetchUITests.swift in Sources */ = {isa = PBXBuildFile; fileRef = 53F06B7722B5CB490099B7EA /* StockFetchUITests.swift */; };
		53F06B8622B5CB5D0099B7EA /* NetworkRequest.swift in Sources */ = {isa = PBXBuildFile; fileRef = 53F06B8522B5CB5D0099B7EA /* NetworkRequest.swift */; };
		53F06BCC22B6CD3D0099B7EA /* StockDateModel.swift in Sources */ = {isa = PBXBuildFile; fileRef = 53F06BCB22B6CD3D0099B7EA /* StockDateModel.swift */; };
		53F06BCE22B6CDE20099B7EA /* StockHistory.json in Resources */ = {isa = PBXBuildFile; fileRef = 53F06BCD22B6CDE20099B7EA /* StockHistory.json */; };
		53F06BD022B704510099B7EA /* StocksTableView.swift in Sources */ = {isa = PBXBuildFile; fileRef = 53F06BCF22B704510099B7EA /* StocksTableView.swift */; };
		53F06BD422B7094E0099B7EA /* StockDateViewModel.swift in Sources */ = {isa = PBXBuildFile; fileRef = 53F06BD322B7094E0099B7EA /* StockDateViewModel.swift */; };
		53F06BD622B70C9C0099B7EA /* StockCell.swift in Sources */ = {isa = PBXBuildFile; fileRef = 53F06BD522B70C9C0099B7EA /* StockCell.swift */; };
		53F06C1422B737860099B7EA /* CustomView.swift in Sources */ = {isa = PBXBuildFile; fileRef = 53F06C1322B737860099B7EA /* CustomView.swift */; };
/* End PBXBuildFile section */

/* Begin PBXContainerItemProxy section */
		53F06B6922B5CB480099B7EA /* PBXContainerItemProxy */ = {
			isa = PBXContainerItemProxy;
			containerPortal = 53F06B4C22B5CB460099B7EA /* Project object */;
			proxyType = 1;
			remoteGlobalIDString = 53F06B5322B5CB460099B7EA;
			remoteInfo = StockFetch;
		};
		53F06B7422B5CB490099B7EA /* PBXContainerItemProxy */ = {
			isa = PBXContainerItemProxy;
			containerPortal = 53F06B4C22B5CB460099B7EA /* Project object */;
			proxyType = 1;
			remoteGlobalIDString = 53F06B5322B5CB460099B7EA;
			remoteInfo = StockFetch;
		};
/* End PBXContainerItemProxy section */

/* Begin PBXFileReference section */
		53A3BD4E22B84A1B001B4F64 /* FullStockHistory.json */ = {isa = PBXFileReference; fileEncoding = 4; lastKnownFileType = text.json; path = FullStockHistory.json; sourceTree = SOURCE_ROOT; };
		53A3BD6222B85621001B4F64 /* StockHistory.xcdatamodel */ = {isa = PBXFileReference; lastKnownFileType = wrapper.xcdatamodel; path = StockHistory.xcdatamodel; sourceTree = "<group>"; };
		53F06B5422B5CB460099B7EA /* StockFetch.app */ = {isa = PBXFileReference; explicitFileType = wrapper.application; includeInIndex = 0; path = StockFetch.app; sourceTree = BUILT_PRODUCTS_DIR; };
		53F06B5722B5CB460099B7EA /* AppDelegate.swift */ = {isa = PBXFileReference; lastKnownFileType = sourcecode.swift; path = AppDelegate.swift; sourceTree = "<group>"; };
		53F06B5922B5CB460099B7EA /* StocksViewController.swift */ = {isa = PBXFileReference; lastKnownFileType = sourcecode.swift; path = StocksViewController.swift; sourceTree = "<group>"; };
		53F06B5E22B5CB480099B7EA /* Assets.xcassets */ = {isa = PBXFileReference; lastKnownFileType = folder.assetcatalog; path = Assets.xcassets; sourceTree = "<group>"; };
		53F06B6322B5CB480099B7EA /* Info.plist */ = {isa = PBXFileReference; lastKnownFileType = text.plist.xml; path = Info.plist; sourceTree = "<group>"; };
		53F06B6822B5CB480099B7EA /* StockFetchTests.xctest */ = {isa = PBXFileReference; explicitFileType = wrapper.cfbundle; includeInIndex = 0; path = StockFetchTests.xctest; sourceTree = BUILT_PRODUCTS_DIR; };
		53F06B6C22B5CB480099B7EA /* StockFetchTests.swift */ = {isa = PBXFileReference; lastKnownFileType = sourcecode.swift; path = StockFetchTests.swift; sourceTree = "<group>"; };
		53F06B6E22B5CB480099B7EA /* Info.plist */ = {isa = PBXFileReference; lastKnownFileType = text.plist.xml; path = Info.plist; sourceTree = "<group>"; };
		53F06B7322B5CB480099B7EA /* StockFetchUITests.xctest */ = {isa = PBXFileReference; explicitFileType = wrapper.cfbundle; includeInIndex = 0; path = StockFetchUITests.xctest; sourceTree = BUILT_PRODUCTS_DIR; };
		53F06B7722B5CB490099B7EA /* StockFetchUITests.swift */ = {isa = PBXFileReference; lastKnownFileType = sourcecode.swift; path = StockFetchUITests.swift; sourceTree = "<group>"; };
		53F06B7922B5CB490099B7EA /* Info.plist */ = {isa = PBXFileReference; lastKnownFileType = text.plist.xml; path = Info.plist; sourceTree = "<group>"; };
		53F06B8522B5CB5D0099B7EA /* NetworkRequest.swift */ = {isa = PBXFileReference; lastKnownFileType = sourcecode.swift; path = NetworkRequest.swift; sourceTree = "<group>"; };
		53F06BCB22B6CD3D0099B7EA /* StockDateModel.swift */ = {isa = PBXFileReference; lastKnownFileType = sourcecode.swift; path = StockDateModel.swift; sourceTree = "<group>"; };
		53F06BCD22B6CDE20099B7EA /* StockHistory.json */ = {isa = PBXFileReference; fileEncoding = 4; lastKnownFileType = text.json; path = StockHistory.json; sourceTree = "<group>"; };
		53F06BCF22B704510099B7EA /* StocksTableView.swift */ = {isa = PBXFileReference; lastKnownFileType = sourcecode.swift; path = StocksTableView.swift; sourceTree = "<group>"; };
		53F06BD322B7094E0099B7EA /* StockDateViewModel.swift */ = {isa = PBXFileReference; lastKnownFileType = sourcecode.swift; path = StockDateViewModel.swift; sourceTree = "<group>"; };
		53F06BD522B70C9C0099B7EA /* StockCell.swift */ = {isa = PBXFileReference; lastKnownFileType = sourcecode.swift; path = StockCell.swift; sourceTree = "<group>"; };
		53F06C1322B737860099B7EA /* CustomView.swift */ = {isa = PBXFileReference; lastKnownFileType = sourcecode.swift; path = CustomView.swift; sourceTree = "<group>"; };
/* End PBXFileReference section */

/* Begin PBXFrameworksBuildPhase section */
		53F06B5122B5CB460099B7EA /* Frameworks */ = {
			isa = PBXFrameworksBuildPhase;
			buildActionMask = 2147483647;
			files = (
			);
			runOnlyForDeploymentPostprocessing = 0;
		};
		53F06B6522B5CB480099B7EA /* Frameworks */ = {
			isa = PBXFrameworksBuildPhase;
			buildActionMask = 2147483647;
			files = (
			);
			runOnlyForDeploymentPostprocessing = 0;
		};
		53F06B7022B5CB480099B7EA /* Frameworks */ = {
			isa = PBXFrameworksBuildPhase;
			buildActionMask = 2147483647;
			files = (
			);
			runOnlyForDeploymentPostprocessing = 0;
		};
/* End PBXFrameworksBuildPhase section */

/* Begin PBXGroup section */
		53A3BD5F22B855EE001B4F64 /* Data */ = {
			isa = PBXGroup;
			children = (
			);
			path = Data;
			sourceTree = "<group>";
		};
		53A3BD6022B85612001B4F64 /* Resources */ = {
			isa = PBXGroup;
			children = (
				53A3BD6122B85621001B4F64 /* StockHistory.xcdatamodeld */,
			);
			path = Resources;
			sourceTree = "<group>";
		};
		53F06B4B22B5CB460099B7EA = {
			isa = PBXGroup;
			children = (
				53F06B5622B5CB460099B7EA /* StockFetch */,
				53F06B6B22B5CB480099B7EA /* StockFetchTests */,
				53F06B7622B5CB490099B7EA /* StockFetchUITests */,
				53F06B5522B5CB460099B7EA /* Products */,
			);
			sourceTree = "<group>";
		};
		53F06B5522B5CB460099B7EA /* Products */ = {
			isa = PBXGroup;
			children = (
				53F06B5422B5CB460099B7EA /* StockFetch.app */,
				53F06B6822B5CB480099B7EA /* StockFetchTests.xctest */,
				53F06B7322B5CB480099B7EA /* StockFetchUITests.xctest */,
			);
			name = Products;
			sourceTree = "<group>";
		};
		53F06B5622B5CB460099B7EA /* StockFetch */ = {
			isa = PBXGroup;
			children = (
				53A3BD6022B85612001B4F64 /* Resources */,
				53A3BD5F22B855EE001B4F64 /* Data */,
				53A3BD4E22B84A1B001B4F64 /* FullStockHistory.json */,
				53F06B5E22B5CB480099B7EA /* Assets.xcassets */,
				53F06B6322B5CB480099B7EA /* Info.plist */,
				53F06B5722B5CB460099B7EA /* AppDelegate.swift */,
				53F06B5922B5CB460099B7EA /* StocksViewController.swift */,
				53F06B8522B5CB5D0099B7EA /* NetworkRequest.swift */,
				53F06BCF22B704510099B7EA /* StocksTableView.swift */,
				53F06BCB22B6CD3D0099B7EA /* StockDateModel.swift */,
				53F06BD322B7094E0099B7EA /* StockDateViewModel.swift */,
				53F06BD522B70C9C0099B7EA /* StockCell.swift */,
				53F06C1322B737860099B7EA /* CustomView.swift */,
			);
			path = StockFetch;
			sourceTree = "<group>";
		};
		53F06B6B22B5CB480099B7EA /* StockFetchTests */ = {
			isa = PBXGroup;
			children = (
				53F06BCD22B6CDE20099B7EA /* StockHistory.json */,
				53F06B6C22B5CB480099B7EA /* StockFetchTests.swift */,
				53F06B6E22B5CB480099B7EA /* Info.plist */,
			);
			path = StockFetchTests;
			sourceTree = "<group>";
		};
		53F06B7622B5CB490099B7EA /* StockFetchUITests */ = {
			isa = PBXGroup;
			children = (
				53F06B7722B5CB490099B7EA /* StockFetchUITests.swift */,
				53F06B7922B5CB490099B7EA /* Info.plist */,
			);
			path = StockFetchUITests;
			sourceTree = "<group>";
		};
/* End PBXGroup section */

/* Begin PBXNativeTarget section */
		53F06B5322B5CB460099B7EA /* StockFetch */ = {
			isa = PBXNativeTarget;
			buildConfigurationList = 53F06B7C22B5CB490099B7EA /* Build configuration list for PBXNativeTarget "StockFetch" */;
			buildPhases = (
				53F06B5022B5CB460099B7EA /* Sources */,
				53F06B5122B5CB460099B7EA /* Frameworks */,
				53F06B5222B5CB460099B7EA /* Resources */,
			);
			buildRules = (
			);
			dependencies = (
			);
			name = StockFetch;
			productName = StockFetch;
			productReference = 53F06B5422B5CB460099B7EA /* StockFetch.app */;
			productType = "com.apple.product-type.application";
		};
		53F06B6722B5CB480099B7EA /* StockFetchTests */ = {
			isa = PBXNativeTarget;
			buildConfigurationList = 53F06B7F22B5CB490099B7EA /* Build configuration list for PBXNativeTarget "StockFetchTests" */;
			buildPhases = (
				53F06B6422B5CB480099B7EA /* Sources */,
				53F06B6522B5CB480099B7EA /* Frameworks */,
				53F06B6622B5CB480099B7EA /* Resources */,
			);
			buildRules = (
			);
			dependencies = (
				53F06B6A22B5CB480099B7EA /* PBXTargetDependency */,
			);
			name = StockFetchTests;
			productName = StockFetchTests;
			productReference = 53F06B6822B5CB480099B7EA /* StockFetchTests.xctest */;
			productType = "com.apple.product-type.bundle.unit-test";
		};
		53F06B7222B5CB480099B7EA /* StockFetchUITests */ = {
			isa = PBXNativeTarget;
			buildConfigurationList = 53F06B8222B5CB490099B7EA /* Build configuration list for PBXNativeTarget "StockFetchUITests" */;
			buildPhases = (
				53F06B6F22B5CB480099B7EA /* Sources */,
				53F06B7022B5CB480099B7EA /* Frameworks */,
				53F06B7122B5CB480099B7EA /* Resources */,
			);
			buildRules = (
			);
			dependencies = (
				53F06B7522B5CB490099B7EA /* PBXTargetDependency */,
			);
			name = StockFetchUITests;
			productName = StockFetchUITests;
			productReference = 53F06B7322B5CB480099B7EA /* StockFetchUITests.xctest */;
			productType = "com.apple.product-type.bundle.ui-testing";
		};
/* End PBXNativeTarget section */

/* Begin PBXProject section */
		53F06B4C22B5CB460099B7EA /* Project object */ = {
			isa = PBXProject;
			attributes = {
				LastSwiftUpdateCheck = 1020;
				LastUpgradeCheck = 1020;
				ORGANIZATIONNAME = "Ernest DeFoy";
				TargetAttributes = {
					53F06B5322B5CB460099B7EA = {
						CreatedOnToolsVersion = 10.2.1;
					};
					53F06B6722B5CB480099B7EA = {
						CreatedOnToolsVersion = 10.2.1;
						TestTargetID = 53F06B5322B5CB460099B7EA;
					};
					53F06B7222B5CB480099B7EA = {
						CreatedOnToolsVersion = 10.2.1;
						TestTargetID = 53F06B5322B5CB460099B7EA;
					};
				};
			};
			buildConfigurationList = 53F06B4F22B5CB460099B7EA /* Build configuration list for PBXProject "StockFetch" */;
			compatibilityVersion = "Xcode 9.3";
			developmentRegion = en;
			hasScannedForEncodings = 0;
			knownRegions = (
				en,
				Base,
			);
			mainGroup = 53F06B4B22B5CB460099B7EA;
			productRefGroup = 53F06B5522B5CB460099B7EA /* Products */;
			projectDirPath = "";
			projectRoot = "";
			targets = (
				53F06B5322B5CB460099B7EA /* StockFetch */,
				53F06B6722B5CB480099B7EA /* StockFetchTests */,
				53F06B7222B5CB480099B7EA /* StockFetchUITests */,
			);
		};
/* End PBXProject section */

/* Begin PBXResourcesBuildPhase section */
		53F06B5222B5CB460099B7EA /* Resources */ = {
			isa = PBXResourcesBuildPhase;
			buildActionMask = 2147483647;
			files = (
				53A3BD4F22B84A1B001B4F64 /* FullStockHistory.json in Resources */,
				53F06B5F22B5CB480099B7EA /* Assets.xcassets in Resources */,
			);
			runOnlyForDeploymentPostprocessing = 0;
		};
		53F06B6622B5CB480099B7EA /* Resources */ = {
			isa = PBXResourcesBuildPhase;
			buildActionMask = 2147483647;
			files = (
				53F06BCE22B6CDE20099B7EA /* StockHistory.json in Resources */,
			);
			runOnlyForDeploymentPostprocessing = 0;
		};
		53F06B7122B5CB480099B7EA /* Resources */ = {
			isa = PBXResourcesBuildPhase;
			buildActionMask = 2147483647;
			files = (
			);
			runOnlyForDeploymentPostprocessing = 0;
		};
/* End PBXResourcesBuildPhase section */

/* Begin PBXSourcesBuildPhase section */
		53F06B5022B5CB460099B7EA /* Sources */ = {
			isa = PBXSourcesBuildPhase;
			buildActionMask = 2147483647;
			files = (
				53F06BD022B704510099B7EA /* StocksTableView.swift in Sources */,
				53F06C1422B737860099B7EA /* CustomView.swift in Sources */,
				53F06BD422B7094E0099B7EA /* StockDateViewModel.swift in Sources */,
				53F06BD622B70C9C0099B7EA /* StockCell.swift in Sources */,
				53A3BD6322B85621001B4F64 /* StockHistory.xcdatamodeld in Sources */,
				53F06B8622B5CB5D0099B7EA /* NetworkRequest.swift in Sources */,
				53F06B5A22B5CB460099B7EA /* StocksViewController.swift in Sources */,
				53F06BCC22B6CD3D0099B7EA /* StockDateModel.swift in Sources */,
				53F06B5822B5CB460099B7EA /* AppDelegate.swift in Sources */,
			);
			runOnlyForDeploymentPostprocessing = 0;
		};
		53F06B6422B5CB480099B7EA /* Sources */ = {
			isa = PBXSourcesBuildPhase;
			buildActionMask = 2147483647;
			files = (
				53F06B6D22B5CB480099B7EA /* StockFetchTests.swift in Sources */,
			);
			runOnlyForDeploymentPostprocessing = 0;
		};
		53F06B6F22B5CB480099B7EA /* Sources */ = {
			isa = PBXSourcesBuildPhase;
			buildActionMask = 2147483647;
			files = (
				53F06B7822B5CB490099B7EA /* StockFetchUITests.swift in Sources */,
			);
			runOnlyForDeploymentPostprocessing = 0;
		};
/* End PBXSourcesBuildPhase section */

/* Begin PBXTargetDependency section */
		53F06B6A22B5CB480099B7EA /* PBXTargetDependency */ = {
			isa = PBXTargetDependency;
			target = 53F06B5322B5CB460099B7EA /* StockFetch */;
			targetProxy = 53F06B6922B5CB480099B7EA /* PBXContainerItemProxy */;
		};
		53F06B7522B5CB490099B7EA /* PBXTargetDependency */ = {
			isa = PBXTargetDependency;
			target = 53F06B5322B5CB460099B7EA /* StockFetch */;
			targetProxy = 53F06B7422B5CB490099B7EA /* PBXContainerItemProxy */;
		};
/* End PBXTargetDependency section */

/* Begin XCBuildConfiguration section */
		53F06B7A22B5CB490099B7EA /* Debug */ = {
			isa = XCBuildConfiguration;
			buildSettings = {
				ALWAYS_SEARCH_USER_PATHS = NO;
				CLANG_ANALYZER_NONNULL = YES;
				CLANG_ANALYZER_NUMBER_OBJECT_CONVERSION = YES_AGGRESSIVE;
				CLANG_CXX_LANGUAGE_STANDARD = "gnu++14";
				CLANG_CXX_LIBRARY = "libc++";
				CLANG_ENABLE_MODULES = YES;
				CLANG_ENABLE_OBJC_ARC = YES;
				CLANG_ENABLE_OBJC_WEAK = YES;
				CLANG_WARN_BLOCK_CAPTURE_AUTORELEASING = YES;
				CLANG_WARN_BOOL_CONVERSION = YES;
				CLANG_WARN_COMMA = YES;
				CLANG_WARN_CONSTANT_CONVERSION = YES;
				CLANG_WARN_DEPRECATED_OBJC_IMPLEMENTATIONS = YES;
				CLANG_WARN_DIRECT_OBJC_ISA_USAGE = YES_ERROR;
				CLANG_WARN_DOCUMENTATION_COMMENTS = YES;
				CLANG_WARN_EMPTY_BODY = YES;
				CLANG_WARN_ENUM_CONVERSION = YES;
				CLANG_WARN_INFINITE_RECURSION = YES;
				CLANG_WARN_INT_CONVERSION = YES;
				CLANG_WARN_NON_LITERAL_NULL_CONVERSION = YES;
				CLANG_WARN_OBJC_IMPLICIT_RETAIN_SELF = YES;
				CLANG_WARN_OBJC_LITERAL_CONVERSION = YES;
				CLANG_WARN_OBJC_ROOT_CLASS = YES_ERROR;
				CLANG_WARN_RANGE_LOOP_ANALYSIS = YES;
				CLANG_WARN_STRICT_PROTOTYPES = YES;
				CLANG_WARN_SUSPICIOUS_MOVE = YES;
				CLANG_WARN_UNGUARDED_AVAILABILITY = YES_AGGRESSIVE;
				CLANG_WARN_UNREACHABLE_CODE = YES;
				CLANG_WARN__DUPLICATE_METHOD_MATCH = YES;
				CODE_SIGN_IDENTITY = "iPhone Developer";
				COPY_PHASE_STRIP = NO;
				DEBUG_INFORMATION_FORMAT = dwarf;
				ENABLE_STRICT_OBJC_MSGSEND = YES;
				ENABLE_TESTABILITY = YES;
				GCC_C_LANGUAGE_STANDARD = gnu11;
				GCC_DYNAMIC_NO_PIC = NO;
				GCC_NO_COMMON_BLOCKS = YES;
				GCC_OPTIMIZATION_LEVEL = 0;
				GCC_PREPROCESSOR_DEFINITIONS = (
					"DEBUG=1",
					"$(inherited)",
				);
				GCC_WARN_64_TO_32_BIT_CONVERSION = YES;
				GCC_WARN_ABOUT_RETURN_TYPE = YES_ERROR;
				GCC_WARN_UNDECLARED_SELECTOR = YES;
				GCC_WARN_UNINITIALIZED_AUTOS = YES_AGGRESSIVE;
				GCC_WARN_UNUSED_FUNCTION = YES;
				GCC_WARN_UNUSED_VARIABLE = YES;
				IPHONEOS_DEPLOYMENT_TARGET = 12.2;
				MTL_ENABLE_DEBUG_INFO = INCLUDE_SOURCE;
				MTL_FAST_MATH = YES;
				ONLY_ACTIVE_ARCH = YES;
				SDKROOT = iphoneos;
				SWIFT_ACTIVE_COMPILATION_CONDITIONS = DEBUG;
				SWIFT_OPTIMIZATION_LEVEL = "-Onone";
			};
			name = Debug;
		};
		53F06B7B22B5CB490099B7EA /* Release */ = {
			isa = XCBuildConfiguration;
			buildSettings = {
				ALWAYS_SEARCH_USER_PATHS = NO;
				CLANG_ANALYZER_NONNULL = YES;
				CLANG_ANALYZER_NUMBER_OBJECT_CONVERSION = YES_AGGRESSIVE;
				CLANG_CXX_LANGUAGE_STANDARD = "gnu++14";
				CLANG_CXX_LIBRARY = "libc++";
				CLANG_ENABLE_MODULES = YES;
				CLANG_ENABLE_OBJC_ARC = YES;
				CLANG_ENABLE_OBJC_WEAK = YES;
				CLANG_WARN_BLOCK_CAPTURE_AUTORELEASING = YES;
				CLANG_WARN_BOOL_CONVERSION = YES;
				CLANG_WARN_COMMA = YES;
				CLANG_WARN_CONSTANT_CONVERSION = YES;
				CLANG_WARN_DEPRECATED_OBJC_IMPLEMENTATIONS = YES;
				CLANG_WARN_DIRECT_OBJC_ISA_USAGE = YES_ERROR;
				CLANG_WARN_DOCUMENTATION_COMMENTS = YES;
				CLANG_WARN_EMPTY_BODY = YES;
				CLANG_WARN_ENUM_CONVERSION = YES;
				CLANG_WARN_INFINITE_RECURSION = YES;
				CLANG_WARN_INT_CONVERSION = YES;
				CLANG_WARN_NON_LITERAL_NULL_CONVERSION = YES;
				CLANG_WARN_OBJC_IMPLICIT_RETAIN_SELF = YES;
				CLANG_WARN_OBJC_LITERAL_CONVERSION = YES;
				CLANG_WARN_OBJC_ROOT_CLASS = YES_ERROR;
				CLANG_WARN_RANGE_LOOP_ANALYSIS = YES;
				CLANG_WARN_STRICT_PROTOTYPES = YES;
				CLANG_WARN_SUSPICIOUS_MOVE = YES;
				CLANG_WARN_UNGUARDED_AVAILABILITY = YES_AGGRESSIVE;
				CLANG_WARN_UNREACHABLE_CODE = YES;
				CLANG_WARN__DUPLICATE_METHOD_MATCH = YES;
				CODE_SIGN_IDENTITY = "iPhone Developer";
				COPY_PHASE_STRIP = NO;
				DEBUG_INFORMATION_FORMAT = "dwarf-with-dsym";
				ENABLE_NS_ASSERTIONS = NO;
				ENABLE_STRICT_OBJC_MSGSEND = YES;
				GCC_C_LANGUAGE_STANDARD = gnu11;
				GCC_NO_COMMON_BLOCKS = YES;
				GCC_WARN_64_TO_32_BIT_CONVERSION = YES;
				GCC_WARN_ABOUT_RETURN_TYPE = YES_ERROR;
				GCC_WARN_UNDECLARED_SELECTOR = YES;
				GCC_WARN_UNINITIALIZED_AUTOS = YES_AGGRESSIVE;
				GCC_WARN_UNUSED_FUNCTION = YES;
				GCC_WARN_UNUSED_VARIABLE = YES;
				IPHONEOS_DEPLOYMENT_TARGET = 12.2;
				MTL_ENABLE_DEBUG_INFO = NO;
				MTL_FAST_MATH = YES;
				SDKROOT = iphoneos;
				SWIFT_COMPILATION_MODE = wholemodule;
				SWIFT_OPTIMIZATION_LEVEL = "-O";
				VALIDATE_PRODUCT = YES;
			};
			name = Release;
		};
		53F06B7D22B5CB490099B7EA /* Debug */ = {
			isa = XCBuildConfiguration;
			buildSettings = {
				ASSETCATALOG_COMPILER_APPICON_NAME = AppIcon;
				CODE_SIGN_STYLE = Automatic;
				INFOPLIST_FILE = StockFetch/Info.plist;
				LD_RUNPATH_SEARCH_PATHS = (
					"$(inherited)",
					"@executable_path/Frameworks",
				);
				PRODUCT_BUNDLE_IDENTIFIER = ernie.StockFetch;
				PRODUCT_NAME = "$(TARGET_NAME)";
				SWIFT_VERSION = 5.0;
				TARGETED_DEVICE_FAMILY = "1,2";
			};
			name = Debug;
		};
		53F06B7E22B5CB490099B7EA /* Release */ = {
			isa = XCBuildConfiguration;
			buildSettings = {
				ASSETCATALOG_COMPILER_APPICON_NAME = AppIcon;
				CODE_SIGN_STYLE = Automatic;
				INFOPLIST_FILE = StockFetch/Info.plist;
				LD_RUNPATH_SEARCH_PATHS = (
					"$(inherited)",
					"@executable_path/Frameworks",
				);
				PRODUCT_BUNDLE_IDENTIFIER = ernie.StockFetch;
				PRODUCT_NAME = "$(TARGET_NAME)";
				SWIFT_VERSION = 5.0;
				TARGETED_DEVICE_FAMILY = "1,2";
			};
			name = Release;
		};
		53F06B8022B5CB490099B7EA /* Debug */ = {
			isa = XCBuildConfiguration;
			buildSettings = {
				ALWAYS_EMBED_SWIFT_STANDARD_LIBRARIES = YES;
				BUNDLE_LOADER = "$(TEST_HOST)";
				CODE_SIGN_STYLE = Automatic;
				INFOPLIST_FILE = StockFetchTests/Info.plist;
				LD_RUNPATH_SEARCH_PATHS = (
					"$(inherited)",
					"@executable_path/Frameworks",
					"@loader_path/Frameworks",
				);
				PRODUCT_BUNDLE_IDENTIFIER = ernie.StockFetchTests;
				PRODUCT_NAME = "$(TARGET_NAME)";
				SWIFT_VERSION = 5.0;
				TARGETED_DEVICE_FAMILY = "1,2";
				TEST_HOST = "$(BUILT_PRODUCTS_DIR)/StockFetch.app/StockFetch";
			};
			name = Debug;
		};
		53F06B8122B5CB490099B7EA /* Release */ = {
			isa = XCBuildConfiguration;
			buildSettings = {
				ALWAYS_EMBED_SWIFT_STANDARD_LIBRARIES = YES;
				BUNDLE_LOADER = "$(TEST_HOST)";
				CODE_SIGN_STYLE = Automatic;
				INFOPLIST_FILE = StockFetchTests/Info.plist;
				LD_RUNPATH_SEARCH_PATHS = (
					"$(inherited)",
					"@executable_path/Frameworks",
					"@loader_path/Frameworks",
				);
				PRODUCT_BUNDLE_IDENTIFIER = ernie.StockFetchTests;
				PRODUCT_NAME = "$(TARGET_NAME)";
				SWIFT_VERSION = 5.0;
				TARGETED_DEVICE_FAMILY = "1,2";
				TEST_HOST = "$(BUILT_PRODUCTS_DIR)/StockFetch.app/StockFetch";
			};
			name = Release;
		};
		53F06B8322B5CB490099B7EA /* Debug */ = {
			isa = XCBuildConfiguration;
			buildSettings = {
				ALWAYS_EMBED_SWIFT_STANDARD_LIBRARIES = YES;
				CODE_SIGN_STYLE = Automatic;
				INFOPLIST_FILE = StockFetchUITests/Info.plist;
				LD_RUNPATH_SEARCH_PATHS = (
					"$(inherited)",
					"@executable_path/Frameworks",
					"@loader_path/Frameworks",
				);
				PRODUCT_BUNDLE_IDENTIFIER = ernie.StockFetchUITests;
				PRODUCT_NAME = "$(TARGET_NAME)";
				SWIFT_VERSION = 5.0;
				TARGETED_DEVICE_FAMILY = "1,2";
				TEST_TARGET_NAME = StockFetch;
			};
			name = Debug;
		};
		53F06B8422B5CB490099B7EA /* Release */ = {
			isa = XCBuildConfiguration;
			buildSettings = {
				ALWAYS_EMBED_SWIFT_STANDARD_LIBRARIES = YES;
				CODE_SIGN_STYLE = Automatic;
				INFOPLIST_FILE = StockFetchUITests/Info.plist;
				LD_RUNPATH_SEARCH_PATHS = (
					"$(inherited)",
					"@executable_path/Frameworks",
					"@loader_path/Frameworks",
				);
				PRODUCT_BUNDLE_IDENTIFIER = ernie.StockFetchUITests;
				PRODUCT_NAME = "$(TARGET_NAME)";
				SWIFT_VERSION = 5.0;
				TARGETED_DEVICE_FAMILY = "1,2";
				TEST_TARGET_NAME = StockFetch;
			};
			name = Release;
		};
/* End XCBuildConfiguration section */

/* Begin XCConfigurationList section */
		53F06B4F22B5CB460099B7EA /* Build configuration list for PBXProject "StockFetch" */ = {
			isa = XCConfigurationList;
			buildConfigurations = (
				53F06B7A22B5CB490099B7EA /* Debug */,
				53F06B7B22B5CB490099B7EA /* Release */,
			);
			defaultConfigurationIsVisible = 0;
			defaultConfigurationName = Release;
		};
		53F06B7C22B5CB490099B7EA /* Build configuration list for PBXNativeTarget "StockFetch" */ = {
			isa = XCConfigurationList;
			buildConfigurations = (
				53F06B7D22B5CB490099B7EA /* Debug */,
				53F06B7E22B5CB490099B7EA /* Release */,
			);
			defaultConfigurationIsVisible = 0;
			defaultConfigurationName = Release;
		};
		53F06B7F22B5CB490099B7EA /* Build configuration list for PBXNativeTarget "StockFetchTests" */ = {
			isa = XCConfigurationList;
			buildConfigurations = (
				53F06B8022B5CB490099B7EA /* Debug */,
				53F06B8122B5CB490099B7EA /* Release */,
			);
			defaultConfigurationIsVisible = 0;
			defaultConfigurationName = Release;
		};
		53F06B8222B5CB490099B7EA /* Build configuration list for PBXNativeTarget "StockFetchUITests" */ = {
			isa = XCConfigurationList;
			buildConfigurations = (
				53F06B8322B5CB490099B7EA /* Debug */,
				53F06B8422B5CB490099B7EA /* Release */,
			);
			defaultConfigurationIsVisible = 0;
			defaultConfigurationName = Release;
		};
/* End XCConfigurationList section */

/* Begin XCVersionGroup section */
		53A3BD6122B85621001B4F64 /* StockHistory.xcdatamodeld */ = {
			isa = XCVersionGroup;
			children = (
				53A3BD6222B85621001B4F64 /* StockHistory.xcdatamodel */,
			);
			currentVersion = 53A3BD6222B85621001B4F64 /* StockHistory.xcdatamodel */;
			path = StockHistory.xcdatamodeld;
			sourceTree = "<group>";
			versionGroupType = wrapper.xcdatamodel;
		};
/* End XCVersionGroup section */
	};
	rootObject = 53F06B4C22B5CB460099B7EA /* Project object */;
}
